// !$*UTF8*$!
{
	archiveVersion = 1;
	classes = {
	};
	objectVersion = 46;
	objects = {

/* Begin PBXBuildFile section */
		0296090F73E6C798F83B72D2 /* MSOneNoteNotebookCollectionFetcher.m in Sources */ = {isa = PBXBuildFile; fileRef = CA762D04991E4E7DAEEA1BE6 /* MSOneNoteNotebookCollectionFetcher.m */; };
		034719D9BCDF19C46A44D463 /* MSOneNotePatchInsertPosition.m in Sources */ = {isa = PBXBuildFile; fileRef = 4F0BA27648EE04B7F12FFF08 /* MSOneNotePatchInsertPosition.m */; };
		0415A0B00BF678125E010B25 /* MSOneNoteSectionCollectionFetcher.h in Headers */ = {isa = PBXBuildFile; fileRef = CC8135DDE2F0FBFC0077E414 /* MSOneNoteSectionCollectionFetcher.h */; };
		05A14221E946B0A6C89753E5 /* MSOneNoteSectionGroup.h in Headers */ = {isa = PBXBuildFile; fileRef = 42B7396E0E7C6461E0EB568B /* MSOneNoteSectionGroup.h */; };
		063391F22278118F150174BA /* MSOneNoteOperation.h in Headers */ = {isa = PBXBuildFile; fileRef = 6163A2FA3099EE12C5C3A6D9 /* MSOneNoteOperation.h */; };
		07DA4DCBE15D6A8990555DDC /* MSOneNoteNotesFetcher.m in Sources */ = {isa = PBXBuildFile; fileRef = D6B0E7F3A7D82D577B250802 /* MSOneNoteNotesFetcher.m */; };
		09B41194BB9B3B53BFFDB777 /* MSOneNoteSectionGroupCollectionOperations.h in Headers */ = {isa = PBXBuildFile; fileRef = 886784053178D70192D80BA9 /* MSOneNoteSectionGroupCollectionOperations.h */; };
		0B33C98725149667420AA22E /* MSOneNoteSiteCollection_Operations.m in Sources */ = {isa = PBXBuildFile; fileRef = B9D8F1E8FDAFA822AFEBDCAE /* MSOneNoteSiteCollection_Operations.m */; };
		0C4A5702C5E45DFA846B1D6F /* MSOneNoteNotesFetcher.h in Headers */ = {isa = PBXBuildFile; fileRef = CD130467F6D0A3C4355F0A37 /* MSOneNoteNotesFetcher.h */; };
		0D95E1E4AF42B7F7DA640D34 /* MSOneNoteGroupFetcher.h in Headers */ = {isa = PBXBuildFile; fileRef = 61F08EDDB73FD033D8D09E81 /* MSOneNoteGroupFetcher.h */; };
		0EC144F4A4AD057C811FFB52 /* MSOneNoteGroupCollectionOperations.h in Headers */ = {isa = PBXBuildFile; fileRef = 276C8EBBC996974E244FE6A6 /* MSOneNoteGroupCollectionOperations.h */; };
		0F1F5DE1CBC601B3AC0705F2 /* MSOneNoteImportStatusModel.m in Sources */ = {isa = PBXBuildFile; fileRef = 67A725A89B1A795E4C1A10CB /* MSOneNoteImportStatusModel.m */; };
		0FE1BBF0B1A94D24D0C1F248 /* MSOneNoteOperationFetcher.h in Headers */ = {isa = PBXBuildFile; fileRef = 1349765E28ED1944EBB7499A /* MSOneNoteOperationFetcher.h */; };
		0FF086FBA2D8B3A01E6362CF /* MSOneNoteSection.h in Headers */ = {isa = PBXBuildFile; fileRef = FFC59B6F260A1D98A6A80F27 /* MSOneNoteSection.h */; };
		13392407A2B1C397111B2DE6 /* MSOneNoteSectionFetcher.h in Headers */ = {isa = PBXBuildFile; fileRef = 96FFDCF26F72E441FB26CEEA /* MSOneNoteSectionFetcher.h */; };
		142298D07A33205181CA5588 /* MSOneNoteOperationFetcher.m in Sources */ = {isa = PBXBuildFile; fileRef = 1E3962FC1F6D636794BBA25E /* MSOneNoteOperationFetcher.m */; };
		19B8CD326C501C4EBD0B9B15 /* MSOneNoteNotebook.m in Sources */ = {isa = PBXBuildFile; fileRef = 1E9FE63FC3323ED1578D72A5 /* MSOneNoteNotebook.m */; };
		1AA2D8146AF74378FCB5F6D0 /* MSOneNoteFetchers.h in Headers */ = {isa = PBXBuildFile; fileRef = 1CEEF912796E2A5B95CE5248 /* MSOneNoteFetchers.h */; };
		1AD1B7D618FAB34FE8A30036 /* MSOneNoteResourceCollectionOperations.m in Sources */ = {isa = PBXBuildFile; fileRef = 9E1804CC39FCF282C3592B7E /* MSOneNoteResourceCollectionOperations.m */; };
		1BC3E7164CB75417F4D749B9 /* MSOneNoteNotebookOperations.h in Headers */ = {isa = PBXBuildFile; fileRef = 2E156D6809C7F73AA3A8FC40 /* MSOneNoteNotebookOperations.h */; };
		209B282FD54E2033186B8477 /* MSOneNotePageCollectionFetcher.m in Sources */ = {isa = PBXBuildFile; fileRef = B7B05ACA0EFFBAF8E11742E2 /* MSOneNotePageCollectionFetcher.m */; };
		25A96B2B487D876B47468CAA /* MSOneNotePageOperations.m in Sources */ = {isa = PBXBuildFile; fileRef = 74A119633C660844F23EE67A /* MSOneNotePageOperations.m */; };
		2666B3169280E12B2E0819B8 /* MSOneNotePageLinks.m in Sources */ = {isa = PBXBuildFile; fileRef = 84AADBC5F6E197DBD5B91793 /* MSOneNotePageLinks.m */; };
		28A88F86193668035F27684D /* MSOneNoteSiteCollection_Operations.h in Headers */ = {isa = PBXBuildFile; fileRef = 32C7820C485089F992A5D43C /* MSOneNoteSiteCollection_Operations.h */; };
		2EE6C95F197695BAC2A99974 /* MSOneNoteMyOrganizationCollectionOperations.h in Headers */ = {isa = PBXBuildFile; fileRef = 771264138822AE5E84D8926A /* MSOneNoteMyOrganizationCollectionOperations.h */; };
		3069468D3A29C627F8678E3B /* MSOneNoteOperationOperations.h in Headers */ = {isa = PBXBuildFile; fileRef = 0FB33BD260636B0C804B2762 /* MSOneNoteOperationOperations.h */; };
		33DAB6B0A43F60A146485DAB /* MSOneNoteGroupOperations.h in Headers */ = {isa = PBXBuildFile; fileRef = F1738BA226C2FE90AD98FC27 /* MSOneNoteGroupOperations.h */; };
		36F35AA33E811CF075332967 /* MSOneNote.h in Headers */ = {isa = PBXBuildFile; fileRef = 589EED4DF1EA558D4B4E9840 /* MSOneNote.h */; };
		3840652EF99297E65A75BE6D /* MSOneNoteIdentity.m in Sources */ = {isa = PBXBuildFile; fileRef = 205E2319105D151E8FD9CB78 /* MSOneNoteIdentity.m */; };
		39628ACCCE46AAF9E92D4048 /* MSOneNotePageFetcher.m in Sources */ = {isa = PBXBuildFile; fileRef = 458DDACFF38FBF2A52F5DC9F /* MSOneNotePageFetcher.m */; };
		3A1207FD8C0F8DCA2291C0B0 /* MSOneNoteSectionOperations.m in Sources */ = {isa = PBXBuildFile; fileRef = 188D7A33B1F071C9AFAAE3AC /* MSOneNoteSectionOperations.m */; };
		3C40005828D321B993ABCF02 /* MSOneNoteSiteCollection_CollectionFetcher.h in Headers */ = {isa = PBXBuildFile; fileRef = F6F9F01F1037AAEF050043EB /* MSOneNoteSiteCollection_CollectionFetcher.h */; };
		3C8213FF54DC39D438983E70 /* MSOneNoteNotebookCollectionOperations.h in Headers */ = {isa = PBXBuildFile; fileRef = 7FA2021DF41D053023988F58 /* MSOneNoteNotebookCollectionOperations.h */; };
		3C9D2422BA2ECC0184413C98 /* MSOneNoteNotebookCollectionFetcher.h in Headers */ = {isa = PBXBuildFile; fileRef = 6F18B008E3DEFCC0F81A26EB /* MSOneNoteNotebookCollectionFetcher.h */; };
		3D887659B4D35A46E0525F5D /* MSOneNoteClient.h in Headers */ = {isa = PBXBuildFile; fileRef = E08F5430192F81D8A2195696 /* MSOneNoteClient.h */; };
		423867AD5ABC6744A2453418 /* MSOneNoteSection.m in Sources */ = {isa = PBXBuildFile; fileRef = F82435CE10AB9725DC02C0EB /* MSOneNoteSection.m */; };
		44B11AF2249F3DBA749E285E /* MSOneNoteSectionGroupOperations.m in Sources */ = {isa = PBXBuildFile; fileRef = 08DB4844DB5E0F4BD90A0704 /* MSOneNoteSectionGroupOperations.m */; };
		4FF9094F47A845DCF8F7C360 /* MSOneNoteIdentitySet.h in Headers */ = {isa = PBXBuildFile; fileRef = 934F0291D0E3F77877E18F1B /* MSOneNoteIdentitySet.h */; };
		519AAF5934FEDD2A031308C2 /* MSOneNoteSiteOperations.m in Sources */ = {isa = PBXBuildFile; fileRef = 3DFF616E4632B3D409FA8FE0 /* MSOneNoteSiteOperations.m */; };
		542A3F33DEC8148C7350824F /* MSOneNoteOperationOperations.m in Sources */ = {isa = PBXBuildFile; fileRef = 804221B65CCBA2D99D31BB1F /* MSOneNoteOperationOperations.m */; };
		55BC16BD5CC826F65A521312 /* MSOneNoteSiteCollection_Fetcher.h in Headers */ = {isa = PBXBuildFile; fileRef = 6E750298234E86499FD1D17E /* MSOneNoteSiteCollection_Fetcher.h */; };
		55D7299C33C522C9362337A5 /* MSOneNotePage.h in Headers */ = {isa = PBXBuildFile; fileRef = 3E3D8F7CDE776A6605B9A48B /* MSOneNotePage.h */; };
		55FDBD01D7F1383B450E4F61 /* MSOneNoteOperationCollectionOperations.m in Sources */ = {isa = PBXBuildFile; fileRef = D907C4E19A5668FF66F30982 /* MSOneNoteOperationCollectionOperations.m */; };
		5723CF6AF836827E1F3F6F83 /* MSOneNoteGroupCollectionFetcher.m in Sources */ = {isa = PBXBuildFile; fileRef = C47C39006B6E7E2D10EFC2D2 /* MSOneNoteGroupCollectionFetcher.m */; };
		5889B5116C5AAA25BA0AAC50 /* MSOneNoteUserOperations.m in Sources */ = {isa = PBXBuildFile; fileRef = 46BDA3B916B9D36B8C639124 /* MSOneNoteUserOperations.m */; };
		5C05F731A5D1430CD663F766 /* MSOneNoteNotesOperations.h in Headers */ = {isa = PBXBuildFile; fileRef = 3F7BB0974F2AC7C11D62887C /* MSOneNoteNotesOperations.h */; };
		5CDD872772A227D99FFAB94A /* MSOneNoteSiteCollection_CollectionOperations.m in Sources */ = {isa = PBXBuildFile; fileRef = 70922D9C64ADAE75EE97358F /* MSOneNoteSiteCollection_CollectionOperations.m */; };
		5CE8226BF43ECB84DD00FF82 /* MSOneNoteNotebookFetcher.m in Sources */ = {isa = PBXBuildFile; fileRef = DC6D98A337AC9F35DA895DC5 /* MSOneNoteNotebookFetcher.m */; };
		5EE24B407CF73632F5FA97F7 /* MSOneNoteMyOrganizationCollectionFetcher.h in Headers */ = {isa = PBXBuildFile; fileRef = 7B4AF579528E4F11A05E8DAD /* MSOneNoteMyOrganizationCollectionFetcher.h */; };
		5F62CA4AC35AFACE65039ACB /* MSOneNoteResourceFetcher.m in Sources */ = {isa = PBXBuildFile; fileRef = 808B366E29984F1551173DE7 /* MSOneNoteResourceFetcher.m */; };
		61A5255B7A4A3653D003DD7E /* MSOneNoteCopyStatusModel.m in Sources */ = {isa = PBXBuildFile; fileRef = 0B824930A3C7373919674AD3 /* MSOneNoteCopyStatusModel.m */; };
		62976724EB4D6F426128FF9D /* MSOneNotePageCollectionOperations.m in Sources */ = {isa = PBXBuildFile; fileRef = 9C94760D771E13C39EE14D90 /* MSOneNotePageCollectionOperations.m */; };
		6597B694C40792CEE8593EB6 /* MSOneNoteSectionCollectionFetcher.m in Sources */ = {isa = PBXBuildFile; fileRef = 4F393903F159182EB560A60D /* MSOneNoteSectionCollectionFetcher.m */; };
		6682F860219CEFC375112C5C /* MSOneNoteSiteCollection_Fetcher.m in Sources */ = {isa = PBXBuildFile; fileRef = BE539DCB03713940635972B4 /* MSOneNoteSiteCollection_Fetcher.m */; };
		67F47B9CA2482B638AEF4C50 /* MSOneNoteNotes.h in Headers */ = {isa = PBXBuildFile; fileRef = EDAEEA557017BFF5148ED9B2 /* MSOneNoteNotes.h */; };
		69CCFE683590791F3BDF7979 /* MSOneNotePatchInsertPosition.h in Headers */ = {isa = PBXBuildFile; fileRef = 36C91E249CADE099C81A2C42 /* MSOneNotePatchInsertPosition.h */; };
		6DEBDBF1834E0748128A8EF5 /* MSOneNoteResourceOperations.h in Headers */ = {isa = PBXBuildFile; fileRef = 97B93D5CF3F221FC430B9B35 /* MSOneNoteResourceOperations.h */; };
		6F21555E94C38CC210495546 /* MSOneNoteSiteFetcher.h in Headers */ = {isa = PBXBuildFile; fileRef = E0843B5B5E4ECFE22CE56B90 /* MSOneNoteSiteFetcher.h */; };
		70421898E9B17CEC86B4E555 /* MSOneNoteResourceCollectionFetcher.h in Headers */ = {isa = PBXBuildFile; fileRef = D422A27C142DAF56FF81EA0A /* MSOneNoteResourceCollectionFetcher.h */; };
		71302FCD1EC5EF1BE3C6B25E /* MSOneNoteUser.m in Sources */ = {isa = PBXBuildFile; fileRef = D11558DFBB2C9E04BF7DF130 /* MSOneNoteUser.m */; };
		72ABF41A6F9358B98254D286 /* MSOneNoteUserFetcher.h in Headers */ = {isa = PBXBuildFile; fileRef = B1FB63CAB7D6373EB0FAE4EB /* MSOneNoteUserFetcher.h */; };
		756D3D94B7032B6B2FBA9B8F /* MSOneNoteNotes.m in Sources */ = {isa = PBXBuildFile; fileRef = E0490A53F2256F495BCC9450 /* MSOneNoteNotes.m */; };
		758FAE5C06A71FC1052263AA /* Foundation.framework in Frameworks */ = {isa = PBXBuildFile; fileRef = CE8A44D68ABAE562CCE722C4 /* Foundation.framework */; };
		76523D30D4385F139200D2ED /* MSOneNoteOperationError.h in Headers */ = {isa = PBXBuildFile; fileRef = 5D6711C8E1622D636BA38CFC /* MSOneNoteOperationError.h */; };
		7A1D46287F2451DEC39DA131 /* MSOneNoteMyOrganization.m in Sources */ = {isa = PBXBuildFile; fileRef = 84BE436ACDD162F58113CD36 /* MSOneNoteMyOrganization.m */; };
		7D7E77AD9F872FBF3F7E5D85 /* MSOneNotePageOperations.h in Headers */ = {isa = PBXBuildFile; fileRef = 78E4E0D71357B6D8D421CD5A /* MSOneNotePageOperations.h */; };
		7E7855DB4EFB61BAF442AA13 /* MSOneNoteGroupCollectionFetcher.h in Headers */ = {isa = PBXBuildFile; fileRef = 6030390ECB797CF235B5A1A2 /* MSOneNoteGroupCollectionFetcher.h */; };
		7E7EEB61EA008465619CD83C /* MSOneNoteUserRole.h in Headers */ = {isa = PBXBuildFile; fileRef = 9404EB8BFCBEE98FDACF5CEE /* MSOneNoteUserRole.h */; };
		7F52858EA97217B71922E086 /* MSOneNotePatchContentCommand.m in Sources */ = {isa = PBXBuildFile; fileRef = 2609D0036E23B0699CEB35DF /* MSOneNotePatchContentCommand.m */; };
		80B890AB52CE71B6AD90F073 /* MSOneNoteSiteFetcher.m in Sources */ = {isa = PBXBuildFile; fileRef = 6C20BE3B684439A0ED5D8DCF /* MSOneNoteSiteFetcher.m */; };
		843216DBC850598AE27667BA /* MSOneNoteNotesCollectionFetcher.h in Headers */ = {isa = PBXBuildFile; fileRef = B55EC9F22410948184981655 /* MSOneNoteNotesCollectionFetcher.h */; };
		84D35866C84408A0B622BB80 /* MSOneNoteModels.h in Headers */ = {isa = PBXBuildFile; fileRef = 9FE9A815473478AA615E61E1 /* MSOneNoteModels.h */; };
		85F5C1E28CFA19118F3CDC5B /* MSOneNoteUserCollectionOperations.h in Headers */ = {isa = PBXBuildFile; fileRef = 2E57676418E467764BFD200E /* MSOneNoteUserCollectionOperations.h */; };
		87E0E03BD553C04BDC3A1B09 /* MSOneNoteSectionGroupCollectionOperations.m in Sources */ = {isa = PBXBuildFile; fileRef = 5C6946548437AFD9CB7C66D6 /* MSOneNoteSectionGroupCollectionOperations.m */; };
		907720862CE23765A24644DE /* MSOneNoteCopyStatusModel.h in Headers */ = {isa = PBXBuildFile; fileRef = 776A77B68C8B8FDD4650EC34 /* MSOneNoteCopyStatusModel.h */; };
		908A23093EDA9EE3C9F71783 /* MSOneNoteSiteCollection_CollectionFetcher.m in Sources */ = {isa = PBXBuildFile; fileRef = C3544C60392C597C7CD837E3 /* MSOneNoteSiteCollection_CollectionFetcher.m */; };
		93D164AD88EEE44EB23F37A3 /* MSOneNoteSiteMetadata.h in Headers */ = {isa = PBXBuildFile; fileRef = CBCC41E33F04F2607E58AEC2 /* MSOneNoteSiteMetadata.h */; };
		93DDF6D98039EC227F29995E /* MSOneNoteDiagnostic.m in Sources */ = {isa = PBXBuildFile; fileRef = E42E788CF478A5BE213E70CE /* MSOneNoteDiagnostic.m */; };
		94023236D2BCAFBAA6304DDC /* MSOneNoteUserOperations.h in Headers */ = {isa = PBXBuildFile; fileRef = FE158261140FDA53A7B4F154 /* MSOneNoteUserOperations.h */; };
		940E4C4749F9FA7A2544928D /* MSOneNoteDiagnostic.h in Headers */ = {isa = PBXBuildFile; fileRef = 3027C31FE07F15BBC47F8A7E /* MSOneNoteDiagnostic.h */; };
		9643992016B42D99BED774E9 /* MSOneNoteSite.h in Headers */ = {isa = PBXBuildFile; fileRef = 78A13691AE8232B9FAD9C161 /* MSOneNoteSite.h */; };
		99ADBF7F3AFB023E9118ACB3 /* MSOneNoteResourceCollectionFetcher.m in Sources */ = {isa = PBXBuildFile; fileRef = C6FD8A1A46AF355C3DB7D818 /* MSOneNoteResourceCollectionFetcher.m */; };
		9C59465572ACF6468C7C8A9C /* MSOneNoteSiteCollectionFetcher.m in Sources */ = {isa = PBXBuildFile; fileRef = B6C2C4D4EB6E3153754DFAB9 /* MSOneNoteSiteCollectionFetcher.m */; };
		9E35A3584E2DFE081E6537EB /* MSOneNoteNotesOperations.m in Sources */ = {isa = PBXBuildFile; fileRef = 554EAA650A16222E51887428 /* MSOneNoteNotesOperations.m */; };
		A27B2AF924A5CA1E047F1AAB /* MSOneNoteOperation.m in Sources */ = {isa = PBXBuildFile; fileRef = AEB7A25605F581759C22BD2A /* MSOneNoteOperation.m */; };
		A452419D8563571180FB03A5 /* MSOneNoteSite.m in Sources */ = {isa = PBXBuildFile; fileRef = 00BA6A07E58F79E409076485 /* MSOneNoteSite.m */; };
		A78ED47F1D3DA8613997AB11 /* MSOneNotePatchActionType.h in Headers */ = {isa = PBXBuildFile; fileRef = B29736025BB6644802B0D602 /* MSOneNotePatchActionType.h */; };
		A7AD54741D18156100ED6B6B /* MSOneNoteMyOrganizationCollectionFetcher.m in Sources */ = {isa = PBXBuildFile; fileRef = EBC02BF68F496955C4AB09A3 /* MSOneNoteMyOrganizationCollectionFetcher.m */; };
		A8FD1E791F40F8BF0896AEE2 /* MSOneNoteExternalLink.m in Sources */ = {isa = PBXBuildFile; fileRef = 4A7560460581467AC390A479 /* MSOneNoteExternalLink.m */; };
		AC029C49E84579C534EEE3AD /* MSOneNoteGroup.m in Sources */ = {isa = PBXBuildFile; fileRef = 464D6E87F0BA8CA984841F3D /* MSOneNoteGroup.m */; };
		AEB3B677FEBF2BD94836EEC4 /* MSOneNoteIdentitySet.m in Sources */ = {isa = PBXBuildFile; fileRef = AC2E7C1D28B14A4B1DAEFE22 /* MSOneNoteIdentitySet.m */; };
		AEB59A88C72D166F9D524E01 /* MSOneNotePage.m in Sources */ = {isa = PBXBuildFile; fileRef = 11F34B83E58916361574C8F1 /* MSOneNotePage.m */; };
		B0333EA5D3120B79BC89C842 /* MSOneNoteNotebook.h in Headers */ = {isa = PBXBuildFile; fileRef = E36EADE0B04EF91D00978FF9 /* MSOneNoteNotebook.h */; };
		B0D72EB8DFC76602865ABF1E /* MSOneNoteNotebookLinks.h in Headers */ = {isa = PBXBuildFile; fileRef = FBFB4946A34970CBD942391F /* MSOneNoteNotebookLinks.h */; };
		B138872475B6D73F7323CBBA /* MSOneNoteMyOrganizationFetcher.h in Headers */ = {isa = PBXBuildFile; fileRef = 9AC5FCA621DEA33F9880D9DC /* MSOneNoteMyOrganizationFetcher.h */; };
		B1413B23D712C9C7B74C1DDF /* MSOneNoteOperationCollectionFetcher.m in Sources */ = {isa = PBXBuildFile; fileRef = B130437EAD6827D3335B7BE2 /* MSOneNoteOperationCollectionFetcher.m */; };
		B14CD73583656E2E5E780E1D /* MSOneNoteOperationCollectionOperations.h in Headers */ = {isa = PBXBuildFile; fileRef = 3266756664FB87BBA66FFBDC /* MSOneNoteOperationCollectionOperations.h */; };
		B214A92A35C1E64203F21F84 /* MSOneNotePageCollectionFetcher.h in Headers */ = {isa = PBXBuildFile; fileRef = 819287B0F904B6628A6D7132 /* MSOneNotePageCollectionFetcher.h */; };
		B6152817463ED6815090C494 /* MSOneNoteSiteCollection_CollectionOperations.h in Headers */ = {isa = PBXBuildFile; fileRef = AEC713F608C1B5593E8A6CA2 /* MSOneNoteSiteCollection_CollectionOperations.h */; };
		B6D4AEAAE10204FBAB0D7E21 /* MSOneNoteNotesCollectionFetcher.m in Sources */ = {isa = PBXBuildFile; fileRef = 6134AF135D2DA59EFB3EB70B /* MSOneNoteNotesCollectionFetcher.m */; };
		B7F6F00C16ABB2D92027E9EF /* MSOneNoteNotesCollectionOperations.m in Sources */ = {isa = PBXBuildFile; fileRef = B251768DB821FB0C008E45A3 /* MSOneNoteNotesCollectionOperations.m */; };
		B802AB31BC061CAD07EA2DB1 /* MSOneNoteUserFetcher.m in Sources */ = {isa = PBXBuildFile; fileRef = B9A3EDA49A8A3393DFB1E903 /* MSOneNoteUserFetcher.m */; };
		B94F52BCA632DFC8CBBEC456 /* MSOneNoteClient.m in Sources */ = {isa = PBXBuildFile; fileRef = 7DE9D2AF78840A8B5A3EF082 /* MSOneNoteClient.m */; };
		B958338462CDF85FE3FB5B3E /* MSOneNoteNotesCollectionOperations.h in Headers */ = {isa = PBXBuildFile; fileRef = BB9152661FDF9682DEF12D42 /* MSOneNoteNotesCollectionOperations.h */; };
		BB8AA91932C83E7B41C2E528 /* MSOneNoteGroupCollectionOperations.m in Sources */ = {isa = PBXBuildFile; fileRef = 338A85C077137D1FBA3052DD /* MSOneNoteGroupCollectionOperations.m */; };
		BC02EBB74BF776BD1B08223D /* MSOneNoteSiteCollection.m in Sources */ = {isa = PBXBuildFile; fileRef = C33EB2349FF96678CE328343 /* MSOneNoteSiteCollection.m */; };
		BDC2595B078024ECAD4515C8 /* MSOneNoteGroupOperations.m in Sources */ = {isa = PBXBuildFile; fileRef = 9D1CBC7D3C627818AEF78194 /* MSOneNoteGroupOperations.m */; };
		BE03C7EBAAECAB3952FB321D /* MSOneNoteSectionCollectionOperations.m in Sources */ = {isa = PBXBuildFile; fileRef = 4B7BF6C1AE695042B046DBF1 /* MSOneNoteSectionCollectionOperations.m */; };
		BFCEABA4D47FFD9097BC7FEE /* MSOneNoteSectionGroupFetcher.h in Headers */ = {isa = PBXBuildFile; fileRef = 166A7E5B66A35F7C150CA442 /* MSOneNoteSectionGroupFetcher.h */; };
		C16DCBEC52BB44236D20D40C /* MSOneNoteOperationCollectionFetcher.h in Headers */ = {isa = PBXBuildFile; fileRef = 6F826999129E531C4E20B10E /* MSOneNoteOperationCollectionFetcher.h */; };
		C22A276E8C61933AD1921AA7 /* MSOneNoteSectionGroupCollectionFetcher.m in Sources */ = {isa = PBXBuildFile; fileRef = 43F36A0C926BDFDBFD978E21 /* MSOneNoteSectionGroupCollectionFetcher.m */; };
		C3A764F1078142D3CA3D13E5 /* MSOneNoteUserCollectionFetcher.m in Sources */ = {isa = PBXBuildFile; fileRef = 8E1D4994B9B49AF57D7707E0 /* MSOneNoteUserCollectionFetcher.m */; };
		C5ADC3F400144FEE4ABC1ED3 /* MSOneNoteUser.h in Headers */ = {isa = PBXBuildFile; fileRef = C33E33D30B0CE37C2A742FA2 /* MSOneNoteUser.h */; };
		C776C72BF723FE5C141B0B58 /* MSOneNoteIdentity.h in Headers */ = {isa = PBXBuildFile; fileRef = 05EACD4FD4A327816D80D274 /* MSOneNoteIdentity.h */; };
		C79AF2B0EF7E652A7B1DCF08 /* MSOneNoteMyOrganizationOperations.m in Sources */ = {isa = PBXBuildFile; fileRef = 55EADA3B54773746371F79E7 /* MSOneNoteMyOrganizationOperations.m */; };
		C7E40B83B00FB86C8A8E395E /* MSOneNoteResource.m in Sources */ = {isa = PBXBuildFile; fileRef = E9E75868AD75FB171D163A04 /* MSOneNoteResource.m */; };
		CA9AEFD245A8587A83AFB921 /* MSOneNoteExternalLink.h in Headers */ = {isa = PBXBuildFile; fileRef = 3B58832E0D8741750882B224 /* MSOneNoteExternalLink.h */; };
		CB9C044BD31B29D3A29C92CE /* MSOneNoteSectionGroupCollectionFetcher.h in Headers */ = {isa = PBXBuildFile; fileRef = B56F9C68B252E4838710BCFD /* MSOneNoteSectionGroupCollectionFetcher.h */; };
		CEB226E1FCC47C0D1CB54D43 /* MSOneNoteResourceOperations.m in Sources */ = {isa = PBXBuildFile; fileRef = F000ED96BB6561C5B5FA76C5 /* MSOneNoteResourceOperations.m */; };
		D0A76817EF3282F0ED95E508 /* MSOneNotePageFetcher.h in Headers */ = {isa = PBXBuildFile; fileRef = B61BB5FB9FBF9642D10535DC /* MSOneNotePageFetcher.h */; };
		D494DA99887245DC1C20F657 /* MSOneNoteSiteCollectionFetcher.h in Headers */ = {isa = PBXBuildFile; fileRef = 479FC6D6569D368034768FCA /* MSOneNoteSiteCollectionFetcher.h */; };
		D58E92624FA33D7B18637930 /* MSOneNoteSiteCollectionOperations.h in Headers */ = {isa = PBXBuildFile; fileRef = 302411CA8FFDB91024F69B83 /* MSOneNoteSiteCollectionOperations.h */; };
		D8B6F99BF00E42F4788D3BC4 /* MSOneNoteSiteMetadata.m in Sources */ = {isa = PBXBuildFile; fileRef = 53BCD86AED941AD8CA868D23 /* MSOneNoteSiteMetadata.m */; };
		D8D78A7A68F8978115B57DD0 /* MSOneNoteNotebookFetcher.h in Headers */ = {isa = PBXBuildFile; fileRef = 6E44569D1C82280475C8EC23 /* MSOneNoteNotebookFetcher.h */; };
		DA46D927606977912DDB28F7 /* MSOneNoteSectionGroupOperations.h in Headers */ = {isa = PBXBuildFile; fileRef = 32FB8935CA834D88904782E6 /* MSOneNoteSectionGroupOperations.h */; };
		DACE67B6C13A5F1C14576CB8 /* MSOneNoteNotebookOperations.m in Sources */ = {isa = PBXBuildFile; fileRef = 9FC33E0967B6EEAA03E8C5E7 /* MSOneNoteNotebookOperations.m */; };
		DB07242C46A139BA5F3F8D34 /* MSOneNoteUserCollectionOperations.m in Sources */ = {isa = PBXBuildFile; fileRef = 8B701CB4F45188A9297B70DA /* MSOneNoteUserCollectionOperations.m */; };
		DB6069ED2B67E5DC3B49169A /* MSOneNoteSectionGroupFetcher.m in Sources */ = {isa = PBXBuildFile; fileRef = 6947D714C0EDBBEAF3462135 /* MSOneNoteSectionGroupFetcher.m */; };
		DDD32E676DB2BF3B0598DEBB /* MSOneNoteSectionCollectionOperations.h in Headers */ = {isa = PBXBuildFile; fileRef = 3A10819E19783C3826736A18 /* MSOneNoteSectionCollectionOperations.h */; };
		E11D172BF4E25FF68FA0EDC1 /* MSOneNoteNotebookLinks.m in Sources */ = {isa = PBXBuildFile; fileRef = 43F67D7037DEBDD818F2396A /* MSOneNoteNotebookLinks.m */; };
		E3B8DE570E44309B07716762 /* MSOneNoteOperationError.m in Sources */ = {isa = PBXBuildFile; fileRef = 19B2E0CD0C72465CBF8AE0D5 /* MSOneNoteOperationError.m */; };
		E4B6E6FDBB545FFD712F55EE /* MSOneNotePatchContentCommand.h in Headers */ = {isa = PBXBuildFile; fileRef = 91B11F727E3BB58DA22B9430 /* MSOneNotePatchContentCommand.h */; };
		E507D220FABE19566B588A94 /* MSOneNoteGroup.h in Headers */ = {isa = PBXBuildFile; fileRef = 3470BEE585107CFF0751BDBB /* MSOneNoteGroup.h */; };
		E597F624A4A30B37E7E7B4BC /* MSOneNoteUserCollectionFetcher.h in Headers */ = {isa = PBXBuildFile; fileRef = 0CB8AB00A068636ED724C87C /* MSOneNoteUserCollectionFetcher.h */; };
		E78A6389C7435E3DAA0D838F /* MSOneNoteSiteOperations.h in Headers */ = {isa = PBXBuildFile; fileRef = 9BA0DF664B3F13E914C99B10 /* MSOneNoteSiteOperations.h */; };
		E7C516EAAE64BB79324C69D3 /* MSOneNoteMyOrganization.h in Headers */ = {isa = PBXBuildFile; fileRef = D08E2AF15DB5D96C3D9F14B4 /* MSOneNoteMyOrganization.h */; };
		E7FDF3ABAA12BB1FFFA09A2A /* MSOneNoteSiteCollection.h in Headers */ = {isa = PBXBuildFile; fileRef = E55B1D364C52540980F961A7 /* MSOneNoteSiteCollection.h */; };
		EA0AF8A2DA2997754C5521D0 /* MSOneNoteMyOrganizationFetcher.m in Sources */ = {isa = PBXBuildFile; fileRef = D247E705D91C05D9553DF03F /* MSOneNoteMyOrganizationFetcher.m */; };
		EAFEBAC5F552E3A9A9350408 /* MSOneNoteSiteCollectionOperations.m in Sources */ = {isa = PBXBuildFile; fileRef = C982BAD989A18934FBC45E11 /* MSOneNoteSiteCollectionOperations.m */; };
		EDECDC289AE7DFEB3D4E947A /* MSOneNoteMyOrganizationOperations.h in Headers */ = {isa = PBXBuildFile; fileRef = DC8BFAAD3144553A864068D4 /* MSOneNoteMyOrganizationOperations.h */; };
		EFEA88274EF4358AD38D17AA /* MSOneNoteUserRole.m in Sources */ = {isa = PBXBuildFile; fileRef = 31854724226D8EB205069604 /* MSOneNoteUserRole.m */; };
		F218B3EDD48ADC1E1AC6753B /* MSOneNoteResourceFetcher.h in Headers */ = {isa = PBXBuildFile; fileRef = 8B789AFAC28353A79CB81DB6 /* MSOneNoteResourceFetcher.h */; };
		F24CD45C7F548DC589D091DD /* MSOneNotePageLinks.h in Headers */ = {isa = PBXBuildFile; fileRef = A373B3F16754FAB6F1CE93BA /* MSOneNotePageLinks.h */; };
		F425DDB9283BFD85CD7D83B4 /* MSOneNoteSectionOperations.h in Headers */ = {isa = PBXBuildFile; fileRef = 072EA0343C0E3679614FBEE6 /* MSOneNoteSectionOperations.h */; };
		F4F6E23D5FBDBF5AC5C7B4DB /* MSOneNoteMyOrganizationCollectionOperations.m in Sources */ = {isa = PBXBuildFile; fileRef = 0328E8AAFCF68288CEEBA41F /* MSOneNoteMyOrganizationCollectionOperations.m */; };
		F6106ABD3401F64A1AF4AD89 /* MSOneNoteImportStatusModel.h in Headers */ = {isa = PBXBuildFile; fileRef = F47AF6C74960F81134110F35 /* MSOneNoteImportStatusModel.h */; };
		F690E8B9E887F04425E1EE22 /* MSOneNotePatchActionType.m in Sources */ = {isa = PBXBuildFile; fileRef = 7D15284DCD8E76EA6A1113BB /* MSOneNotePatchActionType.m */; };
		F8EC196FB0DEA988A49D1254 /* MSOneNoteResourceCollectionOperations.h in Headers */ = {isa = PBXBuildFile; fileRef = B090563F2BAEABE576753129 /* MSOneNoteResourceCollectionOperations.h */; };
		F9B9EBEEEB8E156C9C2185D6 /* MSOneNoteGroupFetcher.m in Sources */ = {isa = PBXBuildFile; fileRef = 3BB98AA3BE14F0EACEDFDB87 /* MSOneNoteGroupFetcher.m */; };
		FC32038AC7C95B61B00F9303 /* MSOneNoteSectionFetcher.m in Sources */ = {isa = PBXBuildFile; fileRef = 151CACF04730E93F9F4E9691 /* MSOneNoteSectionFetcher.m */; };
		FC8E9F2476B7BE5496C4E0FA /* MSOneNoteResource.h in Headers */ = {isa = PBXBuildFile; fileRef = C9E5B18C7625854C709A3AC3 /* MSOneNoteResource.h */; };
		FD6618501F39C9992D59E917 /* MSOneNoteSectionGroup.m in Sources */ = {isa = PBXBuildFile; fileRef = 7C3987948A0DF2DD095A52CE /* MSOneNoteSectionGroup.m */; };
		FF9877EDBD9BAC1C602038D6 /* MSOneNoteNotebookCollectionOperations.m in Sources */ = {isa = PBXBuildFile; fileRef = 7C7992387A1EC8A442F6C5B2 /* MSOneNoteNotebookCollectionOperations.m */; };
		FFBDB5BA22AA717464C22AE4 /* MSOneNotePageCollectionOperations.h in Headers */ = {isa = PBXBuildFile; fileRef = A4FF839DF2D00387D6729EAB /* MSOneNotePageCollectionOperations.h */; };
/* End PBXBuildFile section */

/* Begin PBXFileReference section */
		00BA6A07E58F79E409076485 /* MSOneNoteSite.m */ = {isa = PBXFileReference; includeInIndex = 1; lastKnownFileType = sourcecode.c.objc; name = MSOneNoteSite.m; path = ./Model/MSOneNoteSite.m; sourceTree = "<group>"; };
		0328E8AAFCF68288CEEBA41F /* MSOneNoteMyOrganizationCollectionOperations.m */ = {isa = PBXFileReference; includeInIndex = 1; lastKnownFileType = sourcecode.c.objc; name = MSOneNoteMyOrganizationCollectionOperations.m; path = ./Fetchers/MSOneNoteMyOrganizationCollectionOperations.m; sourceTree = "<group>"; };
		05EACD4FD4A327816D80D274 /* MSOneNoteIdentity.h */ = {isa = PBXFileReference; includeInIndex = 1; lastKnownFileType = sourcecode.c.h; name = MSOneNoteIdentity.h; path = ./Model/MSOneNoteIdentity.h; sourceTree = "<group>"; };
		072EA0343C0E3679614FBEE6 /* MSOneNoteSectionOperations.h */ = {isa = PBXFileReference; includeInIndex = 1; lastKnownFileType = sourcecode.c.h; name = MSOneNoteSectionOperations.h; path = ./Fetchers/MSOneNoteSectionOperations.h; sourceTree = "<group>"; };
		08DB4844DB5E0F4BD90A0704 /* MSOneNoteSectionGroupOperations.m */ = {isa = PBXFileReference; includeInIndex = 1; lastKnownFileType = sourcecode.c.objc; name = MSOneNoteSectionGroupOperations.m; path = ./Fetchers/MSOneNoteSectionGroupOperations.m; sourceTree = "<group>"; };
		0B824930A3C7373919674AD3 /* MSOneNoteCopyStatusModel.m */ = {isa = PBXFileReference; includeInIndex = 1; lastKnownFileType = sourcecode.c.objc; name = MSOneNoteCopyStatusModel.m; path = ./Model/MSOneNoteCopyStatusModel.m; sourceTree = "<group>"; };
		0CB8AB00A068636ED724C87C /* MSOneNoteUserCollectionFetcher.h */ = {isa = PBXFileReference; includeInIndex = 1; lastKnownFileType = sourcecode.c.h; name = MSOneNoteUserCollectionFetcher.h; path = ./Fetchers/MSOneNoteUserCollectionFetcher.h; sourceTree = "<group>"; };
		0FB33BD260636B0C804B2762 /* MSOneNoteOperationOperations.h */ = {isa = PBXFileReference; includeInIndex = 1; lastKnownFileType = sourcecode.c.h; name = MSOneNoteOperationOperations.h; path = ./Fetchers/MSOneNoteOperationOperations.h; sourceTree = "<group>"; };
		11F34B83E58916361574C8F1 /* MSOneNotePage.m */ = {isa = PBXFileReference; includeInIndex = 1; lastKnownFileType = sourcecode.c.objc; name = MSOneNotePage.m; path = ./Model/MSOneNotePage.m; sourceTree = "<group>"; };
		1349765E28ED1944EBB7499A /* MSOneNoteOperationFetcher.h */ = {isa = PBXFileReference; includeInIndex = 1; lastKnownFileType = sourcecode.c.h; name = MSOneNoteOperationFetcher.h; path = ./Fetchers/MSOneNoteOperationFetcher.h; sourceTree = "<group>"; };
		151CACF04730E93F9F4E9691 /* MSOneNoteSectionFetcher.m */ = {isa = PBXFileReference; includeInIndex = 1; lastKnownFileType = sourcecode.c.objc; name = MSOneNoteSectionFetcher.m; path = ./Fetchers/MSOneNoteSectionFetcher.m; sourceTree = "<group>"; };
		166A7E5B66A35F7C150CA442 /* MSOneNoteSectionGroupFetcher.h */ = {isa = PBXFileReference; includeInIndex = 1; lastKnownFileType = sourcecode.c.h; name = MSOneNoteSectionGroupFetcher.h; path = ./Fetchers/MSOneNoteSectionGroupFetcher.h; sourceTree = "<group>"; };
		188D7A33B1F071C9AFAAE3AC /* MSOneNoteSectionOperations.m */ = {isa = PBXFileReference; includeInIndex = 1; lastKnownFileType = sourcecode.c.objc; name = MSOneNoteSectionOperations.m; path = ./Fetchers/MSOneNoteSectionOperations.m; sourceTree = "<group>"; };
		19B2E0CD0C72465CBF8AE0D5 /* MSOneNoteOperationError.m */ = {isa = PBXFileReference; includeInIndex = 1; lastKnownFileType = sourcecode.c.objc; name = MSOneNoteOperationError.m; path = ./Model/MSOneNoteOperationError.m; sourceTree = "<group>"; };
		1CEEF912796E2A5B95CE5248 /* MSOneNoteFetchers.h */ = {isa = PBXFileReference; includeInIndex = 1; lastKnownFileType = sourcecode.c.h; name = MSOneNoteFetchers.h; path = ./Fetchers/MSOneNoteFetchers.h; sourceTree = "<group>"; };
		1E3962FC1F6D636794BBA25E /* MSOneNoteOperationFetcher.m */ = {isa = PBXFileReference; includeInIndex = 1; lastKnownFileType = sourcecode.c.objc; name = MSOneNoteOperationFetcher.m; path = ./Fetchers/MSOneNoteOperationFetcher.m; sourceTree = "<group>"; };
		1E9FE63FC3323ED1578D72A5 /* MSOneNoteNotebook.m */ = {isa = PBXFileReference; includeInIndex = 1; lastKnownFileType = sourcecode.c.objc; name = MSOneNoteNotebook.m; path = ./Model/MSOneNoteNotebook.m; sourceTree = "<group>"; };
		205E2319105D151E8FD9CB78 /* MSOneNoteIdentity.m */ = {isa = PBXFileReference; includeInIndex = 1; lastKnownFileType = sourcecode.c.objc; name = MSOneNoteIdentity.m; path = ./Model/MSOneNoteIdentity.m; sourceTree = "<group>"; };
		2609D0036E23B0699CEB35DF /* MSOneNotePatchContentCommand.m */ = {isa = PBXFileReference; includeInIndex = 1; lastKnownFileType = sourcecode.c.objc; name = MSOneNotePatchContentCommand.m; path = ./Model/MSOneNotePatchContentCommand.m; sourceTree = "<group>"; };
		276C8EBBC996974E244FE6A6 /* MSOneNoteGroupCollectionOperations.h */ = {isa = PBXFileReference; includeInIndex = 1; lastKnownFileType = sourcecode.c.h; name = MSOneNoteGroupCollectionOperations.h; path = ./Fetchers/MSOneNoteGroupCollectionOperations.h; sourceTree = "<group>"; };
		2E156D6809C7F73AA3A8FC40 /* MSOneNoteNotebookOperations.h */ = {isa = PBXFileReference; includeInIndex = 1; lastKnownFileType = sourcecode.c.h; name = MSOneNoteNotebookOperations.h; path = ./Fetchers/MSOneNoteNotebookOperations.h; sourceTree = "<group>"; };
		2E57676418E467764BFD200E /* MSOneNoteUserCollectionOperations.h */ = {isa = PBXFileReference; includeInIndex = 1; lastKnownFileType = sourcecode.c.h; name = MSOneNoteUserCollectionOperations.h; path = ./Fetchers/MSOneNoteUserCollectionOperations.h; sourceTree = "<group>"; };
		302411CA8FFDB91024F69B83 /* MSOneNoteSiteCollectionOperations.h */ = {isa = PBXFileReference; includeInIndex = 1; lastKnownFileType = sourcecode.c.h; name = MSOneNoteSiteCollectionOperations.h; path = ./Fetchers/MSOneNoteSiteCollectionOperations.h; sourceTree = "<group>"; };
		3027C31FE07F15BBC47F8A7E /* MSOneNoteDiagnostic.h */ = {isa = PBXFileReference; includeInIndex = 1; lastKnownFileType = sourcecode.c.h; name = MSOneNoteDiagnostic.h; path = ./Model/MSOneNoteDiagnostic.h; sourceTree = "<group>"; };
		31854724226D8EB205069604 /* MSOneNoteUserRole.m */ = {isa = PBXFileReference; includeInIndex = 1; lastKnownFileType = sourcecode.c.objc; name = MSOneNoteUserRole.m; path = ./Model/MSOneNoteUserRole.m; sourceTree = "<group>"; };
		3266756664FB87BBA66FFBDC /* MSOneNoteOperationCollectionOperations.h */ = {isa = PBXFileReference; includeInIndex = 1; lastKnownFileType = sourcecode.c.h; name = MSOneNoteOperationCollectionOperations.h; path = ./Fetchers/MSOneNoteOperationCollectionOperations.h; sourceTree = "<group>"; };
		32C7820C485089F992A5D43C /* MSOneNoteSiteCollection_Operations.h */ = {isa = PBXFileReference; includeInIndex = 1; lastKnownFileType = sourcecode.c.h; name = MSOneNoteSiteCollection_Operations.h; path = ./Fetchers/MSOneNoteSiteCollection_Operations.h; sourceTree = "<group>"; };
		32FB8935CA834D88904782E6 /* MSOneNoteSectionGroupOperations.h */ = {isa = PBXFileReference; includeInIndex = 1; lastKnownFileType = sourcecode.c.h; name = MSOneNoteSectionGroupOperations.h; path = ./Fetchers/MSOneNoteSectionGroupOperations.h; sourceTree = "<group>"; };
		338A85C077137D1FBA3052DD /* MSOneNoteGroupCollectionOperations.m */ = {isa = PBXFileReference; includeInIndex = 1; lastKnownFileType = sourcecode.c.objc; name = MSOneNoteGroupCollectionOperations.m; path = ./Fetchers/MSOneNoteGroupCollectionOperations.m; sourceTree = "<group>"; };
		3470BEE585107CFF0751BDBB /* MSOneNoteGroup.h */ = {isa = PBXFileReference; includeInIndex = 1; lastKnownFileType = sourcecode.c.h; name = MSOneNoteGroup.h; path = ./Model/MSOneNoteGroup.h; sourceTree = "<group>"; };
		36C91E249CADE099C81A2C42 /* MSOneNotePatchInsertPosition.h */ = {isa = PBXFileReference; includeInIndex = 1; lastKnownFileType = sourcecode.c.h; name = MSOneNotePatchInsertPosition.h; path = ./Model/MSOneNotePatchInsertPosition.h; sourceTree = "<group>"; };
		3A10819E19783C3826736A18 /* MSOneNoteSectionCollectionOperations.h */ = {isa = PBXFileReference; includeInIndex = 1; lastKnownFileType = sourcecode.c.h; name = MSOneNoteSectionCollectionOperations.h; path = ./Fetchers/MSOneNoteSectionCollectionOperations.h; sourceTree = "<group>"; };
		3B58832E0D8741750882B224 /* MSOneNoteExternalLink.h */ = {isa = PBXFileReference; includeInIndex = 1; lastKnownFileType = sourcecode.c.h; name = MSOneNoteExternalLink.h; path = ./Model/MSOneNoteExternalLink.h; sourceTree = "<group>"; };
		3BB98AA3BE14F0EACEDFDB87 /* MSOneNoteGroupFetcher.m */ = {isa = PBXFileReference; includeInIndex = 1; lastKnownFileType = sourcecode.c.objc; name = MSOneNoteGroupFetcher.m; path = ./Fetchers/MSOneNoteGroupFetcher.m; sourceTree = "<group>"; };
		3DFF616E4632B3D409FA8FE0 /* MSOneNoteSiteOperations.m */ = {isa = PBXFileReference; includeInIndex = 1; lastKnownFileType = sourcecode.c.objc; name = MSOneNoteSiteOperations.m; path = ./Fetchers/MSOneNoteSiteOperations.m; sourceTree = "<group>"; };
		3E3D8F7CDE776A6605B9A48B /* MSOneNotePage.h */ = {isa = PBXFileReference; includeInIndex = 1; lastKnownFileType = sourcecode.c.h; name = MSOneNotePage.h; path = ./Model/MSOneNotePage.h; sourceTree = "<group>"; };
		3F7BB0974F2AC7C11D62887C /* MSOneNoteNotesOperations.h */ = {isa = PBXFileReference; includeInIndex = 1; lastKnownFileType = sourcecode.c.h; name = MSOneNoteNotesOperations.h; path = ./Fetchers/MSOneNoteNotesOperations.h; sourceTree = "<group>"; };
		3FF76CBCADE4F7BDF445D70D /* libOneNote.a */ = {isa = PBXFileReference; explicitFileType = archive.ar; includeInIndex = 0; path = libOneNote.a; sourceTree = BUILT_PRODUCTS_DIR; };
		42B7396E0E7C6461E0EB568B /* MSOneNoteSectionGroup.h */ = {isa = PBXFileReference; includeInIndex = 1; lastKnownFileType = sourcecode.c.h; name = MSOneNoteSectionGroup.h; path = ./Model/MSOneNoteSectionGroup.h; sourceTree = "<group>"; };
		43F36A0C926BDFDBFD978E21 /* MSOneNoteSectionGroupCollectionFetcher.m */ = {isa = PBXFileReference; includeInIndex = 1; lastKnownFileType = sourcecode.c.objc; name = MSOneNoteSectionGroupCollectionFetcher.m; path = ./Fetchers/MSOneNoteSectionGroupCollectionFetcher.m; sourceTree = "<group>"; };
		43F67D7037DEBDD818F2396A /* MSOneNoteNotebookLinks.m */ = {isa = PBXFileReference; includeInIndex = 1; lastKnownFileType = sourcecode.c.objc; name = MSOneNoteNotebookLinks.m; path = ./Model/MSOneNoteNotebookLinks.m; sourceTree = "<group>"; };
		458DDACFF38FBF2A52F5DC9F /* MSOneNotePageFetcher.m */ = {isa = PBXFileReference; includeInIndex = 1; lastKnownFileType = sourcecode.c.objc; name = MSOneNotePageFetcher.m; path = ./Fetchers/MSOneNotePageFetcher.m; sourceTree = "<group>"; };
		464D6E87F0BA8CA984841F3D /* MSOneNoteGroup.m */ = {isa = PBXFileReference; includeInIndex = 1; lastKnownFileType = sourcecode.c.objc; name = MSOneNoteGroup.m; path = ./Model/MSOneNoteGroup.m; sourceTree = "<group>"; };
		46BDA3B916B9D36B8C639124 /* MSOneNoteUserOperations.m */ = {isa = PBXFileReference; includeInIndex = 1; lastKnownFileType = sourcecode.c.objc; name = MSOneNoteUserOperations.m; path = ./Fetchers/MSOneNoteUserOperations.m; sourceTree = "<group>"; };
		479FC6D6569D368034768FCA /* MSOneNoteSiteCollectionFetcher.h */ = {isa = PBXFileReference; includeInIndex = 1; lastKnownFileType = sourcecode.c.h; name = MSOneNoteSiteCollectionFetcher.h; path = ./Fetchers/MSOneNoteSiteCollectionFetcher.h; sourceTree = "<group>"; };
		4A7560460581467AC390A479 /* MSOneNoteExternalLink.m */ = {isa = PBXFileReference; includeInIndex = 1; lastKnownFileType = sourcecode.c.objc; name = MSOneNoteExternalLink.m; path = ./Model/MSOneNoteExternalLink.m; sourceTree = "<group>"; };
		4B7BF6C1AE695042B046DBF1 /* MSOneNoteSectionCollectionOperations.m */ = {isa = PBXFileReference; includeInIndex = 1; lastKnownFileType = sourcecode.c.objc; name = MSOneNoteSectionCollectionOperations.m; path = ./Fetchers/MSOneNoteSectionCollectionOperations.m; sourceTree = "<group>"; };
		4F0BA27648EE04B7F12FFF08 /* MSOneNotePatchInsertPosition.m */ = {isa = PBXFileReference; includeInIndex = 1; lastKnownFileType = sourcecode.c.objc; name = MSOneNotePatchInsertPosition.m; path = ./Model/MSOneNotePatchInsertPosition.m; sourceTree = "<group>"; };
		4F393903F159182EB560A60D /* MSOneNoteSectionCollectionFetcher.m */ = {isa = PBXFileReference; includeInIndex = 1; lastKnownFileType = sourcecode.c.objc; name = MSOneNoteSectionCollectionFetcher.m; path = ./Fetchers/MSOneNoteSectionCollectionFetcher.m; sourceTree = "<group>"; };
		53BCD86AED941AD8CA868D23 /* MSOneNoteSiteMetadata.m */ = {isa = PBXFileReference; includeInIndex = 1; lastKnownFileType = sourcecode.c.objc; name = MSOneNoteSiteMetadata.m; path = ./Model/MSOneNoteSiteMetadata.m; sourceTree = "<group>"; };
		554EAA650A16222E51887428 /* MSOneNoteNotesOperations.m */ = {isa = PBXFileReference; includeInIndex = 1; lastKnownFileType = sourcecode.c.objc; name = MSOneNoteNotesOperations.m; path = ./Fetchers/MSOneNoteNotesOperations.m; sourceTree = "<group>"; };
		55EADA3B54773746371F79E7 /* MSOneNoteMyOrganizationOperations.m */ = {isa = PBXFileReference; includeInIndex = 1; lastKnownFileType = sourcecode.c.objc; name = MSOneNoteMyOrganizationOperations.m; path = ./Fetchers/MSOneNoteMyOrganizationOperations.m; sourceTree = "<group>"; };
		589EED4DF1EA558D4B4E9840 /* MSOneNote.h */ = {isa = PBXFileReference; includeInIndex = 1; lastKnownFileType = sourcecode.c.h; name = MSOneNote.h; path = ./MSOneNote.h; sourceTree = "<group>"; };
		5C6946548437AFD9CB7C66D6 /* MSOneNoteSectionGroupCollectionOperations.m */ = {isa = PBXFileReference; includeInIndex = 1; lastKnownFileType = sourcecode.c.objc; name = MSOneNoteSectionGroupCollectionOperations.m; path = ./Fetchers/MSOneNoteSectionGroupCollectionOperations.m; sourceTree = "<group>"; };
		5D6711C8E1622D636BA38CFC /* MSOneNoteOperationError.h */ = {isa = PBXFileReference; includeInIndex = 1; lastKnownFileType = sourcecode.c.h; name = MSOneNoteOperationError.h; path = ./Model/MSOneNoteOperationError.h; sourceTree = "<group>"; };
		6030390ECB797CF235B5A1A2 /* MSOneNoteGroupCollectionFetcher.h */ = {isa = PBXFileReference; includeInIndex = 1; lastKnownFileType = sourcecode.c.h; name = MSOneNoteGroupCollectionFetcher.h; path = ./Fetchers/MSOneNoteGroupCollectionFetcher.h; sourceTree = "<group>"; };
		6134AF135D2DA59EFB3EB70B /* MSOneNoteNotesCollectionFetcher.m */ = {isa = PBXFileReference; includeInIndex = 1; lastKnownFileType = sourcecode.c.objc; name = MSOneNoteNotesCollectionFetcher.m; path = ./Fetchers/MSOneNoteNotesCollectionFetcher.m; sourceTree = "<group>"; };
		6163A2FA3099EE12C5C3A6D9 /* MSOneNoteOperation.h */ = {isa = PBXFileReference; includeInIndex = 1; lastKnownFileType = sourcecode.c.h; name = MSOneNoteOperation.h; path = ./Model/MSOneNoteOperation.h; sourceTree = "<group>"; };
		61F08EDDB73FD033D8D09E81 /* MSOneNoteGroupFetcher.h */ = {isa = PBXFileReference; includeInIndex = 1; lastKnownFileType = sourcecode.c.h; name = MSOneNoteGroupFetcher.h; path = ./Fetchers/MSOneNoteGroupFetcher.h; sourceTree = "<group>"; };
		67A725A89B1A795E4C1A10CB /* MSOneNoteImportStatusModel.m */ = {isa = PBXFileReference; includeInIndex = 1; lastKnownFileType = sourcecode.c.objc; name = MSOneNoteImportStatusModel.m; path = ./Model/MSOneNoteImportStatusModel.m; sourceTree = "<group>"; };
		6947D714C0EDBBEAF3462135 /* MSOneNoteSectionGroupFetcher.m */ = {isa = PBXFileReference; includeInIndex = 1; lastKnownFileType = sourcecode.c.objc; name = MSOneNoteSectionGroupFetcher.m; path = ./Fetchers/MSOneNoteSectionGroupFetcher.m; sourceTree = "<group>"; };
		6C20BE3B684439A0ED5D8DCF /* MSOneNoteSiteFetcher.m */ = {isa = PBXFileReference; includeInIndex = 1; lastKnownFileType = sourcecode.c.objc; name = MSOneNoteSiteFetcher.m; path = ./Fetchers/MSOneNoteSiteFetcher.m; sourceTree = "<group>"; };
		6E44569D1C82280475C8EC23 /* MSOneNoteNotebookFetcher.h */ = {isa = PBXFileReference; includeInIndex = 1; lastKnownFileType = sourcecode.c.h; name = MSOneNoteNotebookFetcher.h; path = ./Fetchers/MSOneNoteNotebookFetcher.h; sourceTree = "<group>"; };
		6E750298234E86499FD1D17E /* MSOneNoteSiteCollection_Fetcher.h */ = {isa = PBXFileReference; includeInIndex = 1; lastKnownFileType = sourcecode.c.h; name = MSOneNoteSiteCollection_Fetcher.h; path = ./Fetchers/MSOneNoteSiteCollection_Fetcher.h; sourceTree = "<group>"; };
		6F18B008E3DEFCC0F81A26EB /* MSOneNoteNotebookCollectionFetcher.h */ = {isa = PBXFileReference; includeInIndex = 1; lastKnownFileType = sourcecode.c.h; name = MSOneNoteNotebookCollectionFetcher.h; path = ./Fetchers/MSOneNoteNotebookCollectionFetcher.h; sourceTree = "<group>"; };
		6F826999129E531C4E20B10E /* MSOneNoteOperationCollectionFetcher.h */ = {isa = PBXFileReference; includeInIndex = 1; lastKnownFileType = sourcecode.c.h; name = MSOneNoteOperationCollectionFetcher.h; path = ./Fetchers/MSOneNoteOperationCollectionFetcher.h; sourceTree = "<group>"; };
		70922D9C64ADAE75EE97358F /* MSOneNoteSiteCollection_CollectionOperations.m */ = {isa = PBXFileReference; includeInIndex = 1; lastKnownFileType = sourcecode.c.objc; name = MSOneNoteSiteCollection_CollectionOperations.m; path = ./Fetchers/MSOneNoteSiteCollection_CollectionOperations.m; sourceTree = "<group>"; };
		74A119633C660844F23EE67A /* MSOneNotePageOperations.m */ = {isa = PBXFileReference; includeInIndex = 1; lastKnownFileType = sourcecode.c.objc; name = MSOneNotePageOperations.m; path = ./Fetchers/MSOneNotePageOperations.m; sourceTree = "<group>"; };
		771264138822AE5E84D8926A /* MSOneNoteMyOrganizationCollectionOperations.h */ = {isa = PBXFileReference; includeInIndex = 1; lastKnownFileType = sourcecode.c.h; name = MSOneNoteMyOrganizationCollectionOperations.h; path = ./Fetchers/MSOneNoteMyOrganizationCollectionOperations.h; sourceTree = "<group>"; };
		776A77B68C8B8FDD4650EC34 /* MSOneNoteCopyStatusModel.h */ = {isa = PBXFileReference; includeInIndex = 1; lastKnownFileType = sourcecode.c.h; name = MSOneNoteCopyStatusModel.h; path = ./Model/MSOneNoteCopyStatusModel.h; sourceTree = "<group>"; };
		78A13691AE8232B9FAD9C161 /* MSOneNoteSite.h */ = {isa = PBXFileReference; includeInIndex = 1; lastKnownFileType = sourcecode.c.h; name = MSOneNoteSite.h; path = ./Model/MSOneNoteSite.h; sourceTree = "<group>"; };
		78E4E0D71357B6D8D421CD5A /* MSOneNotePageOperations.h */ = {isa = PBXFileReference; includeInIndex = 1; lastKnownFileType = sourcecode.c.h; name = MSOneNotePageOperations.h; path = ./Fetchers/MSOneNotePageOperations.h; sourceTree = "<group>"; };
		7B4AF579528E4F11A05E8DAD /* MSOneNoteMyOrganizationCollectionFetcher.h */ = {isa = PBXFileReference; includeInIndex = 1; lastKnownFileType = sourcecode.c.h; name = MSOneNoteMyOrganizationCollectionFetcher.h; path = ./Fetchers/MSOneNoteMyOrganizationCollectionFetcher.h; sourceTree = "<group>"; };
		7C3987948A0DF2DD095A52CE /* MSOneNoteSectionGroup.m */ = {isa = PBXFileReference; includeInIndex = 1; lastKnownFileType = sourcecode.c.objc; name = MSOneNoteSectionGroup.m; path = ./Model/MSOneNoteSectionGroup.m; sourceTree = "<group>"; };
		7C7992387A1EC8A442F6C5B2 /* MSOneNoteNotebookCollectionOperations.m */ = {isa = PBXFileReference; includeInIndex = 1; lastKnownFileType = sourcecode.c.objc; name = MSOneNoteNotebookCollectionOperations.m; path = ./Fetchers/MSOneNoteNotebookCollectionOperations.m; sourceTree = "<group>"; };
		7D15284DCD8E76EA6A1113BB /* MSOneNotePatchActionType.m */ = {isa = PBXFileReference; includeInIndex = 1; lastKnownFileType = sourcecode.c.objc; name = MSOneNotePatchActionType.m; path = ./Model/MSOneNotePatchActionType.m; sourceTree = "<group>"; };
		7DE9D2AF78840A8B5A3EF082 /* MSOneNoteClient.m */ = {isa = PBXFileReference; includeInIndex = 1; lastKnownFileType = sourcecode.c.objc; name = MSOneNoteClient.m; path = ./Fetchers/MSOneNoteClient.m; sourceTree = "<group>"; };
		7FA2021DF41D053023988F58 /* MSOneNoteNotebookCollectionOperations.h */ = {isa = PBXFileReference; includeInIndex = 1; lastKnownFileType = sourcecode.c.h; name = MSOneNoteNotebookCollectionOperations.h; path = ./Fetchers/MSOneNoteNotebookCollectionOperations.h; sourceTree = "<group>"; };
		804221B65CCBA2D99D31BB1F /* MSOneNoteOperationOperations.m */ = {isa = PBXFileReference; includeInIndex = 1; lastKnownFileType = sourcecode.c.objc; name = MSOneNoteOperationOperations.m; path = ./Fetchers/MSOneNoteOperationOperations.m; sourceTree = "<group>"; };
		808B366E29984F1551173DE7 /* MSOneNoteResourceFetcher.m */ = {isa = PBXFileReference; includeInIndex = 1; lastKnownFileType = sourcecode.c.objc; name = MSOneNoteResourceFetcher.m; path = ./Fetchers/MSOneNoteResourceFetcher.m; sourceTree = "<group>"; };
		819287B0F904B6628A6D7132 /* MSOneNotePageCollectionFetcher.h */ = {isa = PBXFileReference; includeInIndex = 1; lastKnownFileType = sourcecode.c.h; name = MSOneNotePageCollectionFetcher.h; path = ./Fetchers/MSOneNotePageCollectionFetcher.h; sourceTree = "<group>"; };
		84AADBC5F6E197DBD5B91793 /* MSOneNotePageLinks.m */ = {isa = PBXFileReference; includeInIndex = 1; lastKnownFileType = sourcecode.c.objc; name = MSOneNotePageLinks.m; path = ./Model/MSOneNotePageLinks.m; sourceTree = "<group>"; };
		84BE436ACDD162F58113CD36 /* MSOneNoteMyOrganization.m */ = {isa = PBXFileReference; includeInIndex = 1; lastKnownFileType = sourcecode.c.objc; name = MSOneNoteMyOrganization.m; path = ./Model/MSOneNoteMyOrganization.m; sourceTree = "<group>"; };
		886784053178D70192D80BA9 /* MSOneNoteSectionGroupCollectionOperations.h */ = {isa = PBXFileReference; includeInIndex = 1; lastKnownFileType = sourcecode.c.h; name = MSOneNoteSectionGroupCollectionOperations.h; path = ./Fetchers/MSOneNoteSectionGroupCollectionOperations.h; sourceTree = "<group>"; };
		8B701CB4F45188A9297B70DA /* MSOneNoteUserCollectionOperations.m */ = {isa = PBXFileReference; includeInIndex = 1; lastKnownFileType = sourcecode.c.objc; name = MSOneNoteUserCollectionOperations.m; path = ./Fetchers/MSOneNoteUserCollectionOperations.m; sourceTree = "<group>"; };
		8B789AFAC28353A79CB81DB6 /* MSOneNoteResourceFetcher.h */ = {isa = PBXFileReference; includeInIndex = 1; lastKnownFileType = sourcecode.c.h; name = MSOneNoteResourceFetcher.h; path = ./Fetchers/MSOneNoteResourceFetcher.h; sourceTree = "<group>"; };
		8E1D4994B9B49AF57D7707E0 /* MSOneNoteUserCollectionFetcher.m */ = {isa = PBXFileReference; includeInIndex = 1; lastKnownFileType = sourcecode.c.objc; name = MSOneNoteUserCollectionFetcher.m; path = ./Fetchers/MSOneNoteUserCollectionFetcher.m; sourceTree = "<group>"; };
		91B11F727E3BB58DA22B9430 /* MSOneNotePatchContentCommand.h */ = {isa = PBXFileReference; includeInIndex = 1; lastKnownFileType = sourcecode.c.h; name = MSOneNotePatchContentCommand.h; path = ./Model/MSOneNotePatchContentCommand.h; sourceTree = "<group>"; };
		934F0291D0E3F77877E18F1B /* MSOneNoteIdentitySet.h */ = {isa = PBXFileReference; includeInIndex = 1; lastKnownFileType = sourcecode.c.h; name = MSOneNoteIdentitySet.h; path = ./Model/MSOneNoteIdentitySet.h; sourceTree = "<group>"; };
		9404EB8BFCBEE98FDACF5CEE /* MSOneNoteUserRole.h */ = {isa = PBXFileReference; includeInIndex = 1; lastKnownFileType = sourcecode.c.h; name = MSOneNoteUserRole.h; path = ./Model/MSOneNoteUserRole.h; sourceTree = "<group>"; };
		96FFDCF26F72E441FB26CEEA /* MSOneNoteSectionFetcher.h */ = {isa = PBXFileReference; includeInIndex = 1; lastKnownFileType = sourcecode.c.h; name = MSOneNoteSectionFetcher.h; path = ./Fetchers/MSOneNoteSectionFetcher.h; sourceTree = "<group>"; };
		97B93D5CF3F221FC430B9B35 /* MSOneNoteResourceOperations.h */ = {isa = PBXFileReference; includeInIndex = 1; lastKnownFileType = sourcecode.c.h; name = MSOneNoteResourceOperations.h; path = ./Fetchers/MSOneNoteResourceOperations.h; sourceTree = "<group>"; };
		9AC5FCA621DEA33F9880D9DC /* MSOneNoteMyOrganizationFetcher.h */ = {isa = PBXFileReference; includeInIndex = 1; lastKnownFileType = sourcecode.c.h; name = MSOneNoteMyOrganizationFetcher.h; path = ./Fetchers/MSOneNoteMyOrganizationFetcher.h; sourceTree = "<group>"; };
		9BA0DF664B3F13E914C99B10 /* MSOneNoteSiteOperations.h */ = {isa = PBXFileReference; includeInIndex = 1; lastKnownFileType = sourcecode.c.h; name = MSOneNoteSiteOperations.h; path = ./Fetchers/MSOneNoteSiteOperations.h; sourceTree = "<group>"; };
		9C94760D771E13C39EE14D90 /* MSOneNotePageCollectionOperations.m */ = {isa = PBXFileReference; includeInIndex = 1; lastKnownFileType = sourcecode.c.objc; name = MSOneNotePageCollectionOperations.m; path = ./Fetchers/MSOneNotePageCollectionOperations.m; sourceTree = "<group>"; };
		9D1CBC7D3C627818AEF78194 /* MSOneNoteGroupOperations.m */ = {isa = PBXFileReference; includeInIndex = 1; lastKnownFileType = sourcecode.c.objc; name = MSOneNoteGroupOperations.m; path = ./Fetchers/MSOneNoteGroupOperations.m; sourceTree = "<group>"; };
		9E1804CC39FCF282C3592B7E /* MSOneNoteResourceCollectionOperations.m */ = {isa = PBXFileReference; includeInIndex = 1; lastKnownFileType = sourcecode.c.objc; name = MSOneNoteResourceCollectionOperations.m; path = ./Fetchers/MSOneNoteResourceCollectionOperations.m; sourceTree = "<group>"; };
		9FC33E0967B6EEAA03E8C5E7 /* MSOneNoteNotebookOperations.m */ = {isa = PBXFileReference; includeInIndex = 1; lastKnownFileType = sourcecode.c.objc; name = MSOneNoteNotebookOperations.m; path = ./Fetchers/MSOneNoteNotebookOperations.m; sourceTree = "<group>"; };
		9FE9A815473478AA615E61E1 /* MSOneNoteModels.h */ = {isa = PBXFileReference; includeInIndex = 1; lastKnownFileType = sourcecode.c.h; name = MSOneNoteModels.h; path = ./Model/MSOneNoteModels.h; sourceTree = "<group>"; };
		A373B3F16754FAB6F1CE93BA /* MSOneNotePageLinks.h */ = {isa = PBXFileReference; includeInIndex = 1; lastKnownFileType = sourcecode.c.h; name = MSOneNotePageLinks.h; path = ./Model/MSOneNotePageLinks.h; sourceTree = "<group>"; };
		A4FF839DF2D00387D6729EAB /* MSOneNotePageCollectionOperations.h */ = {isa = PBXFileReference; includeInIndex = 1; lastKnownFileType = sourcecode.c.h; name = MSOneNotePageCollectionOperations.h; path = ./Fetchers/MSOneNotePageCollectionOperations.h; sourceTree = "<group>"; };
		AC2E7C1D28B14A4B1DAEFE22 /* MSOneNoteIdentitySet.m */ = {isa = PBXFileReference; includeInIndex = 1; lastKnownFileType = sourcecode.c.objc; name = MSOneNoteIdentitySet.m; path = ./Model/MSOneNoteIdentitySet.m; sourceTree = "<group>"; };
		AEB7A25605F581759C22BD2A /* MSOneNoteOperation.m */ = {isa = PBXFileReference; includeInIndex = 1; lastKnownFileType = sourcecode.c.objc; name = MSOneNoteOperation.m; path = ./Model/MSOneNoteOperation.m; sourceTree = "<group>"; };
		AEC713F608C1B5593E8A6CA2 /* MSOneNoteSiteCollection_CollectionOperations.h */ = {isa = PBXFileReference; includeInIndex = 1; lastKnownFileType = sourcecode.c.h; name = MSOneNoteSiteCollection_CollectionOperations.h; path = ./Fetchers/MSOneNoteSiteCollection_CollectionOperations.h; sourceTree = "<group>"; };
		B090563F2BAEABE576753129 /* MSOneNoteResourceCollectionOperations.h */ = {isa = PBXFileReference; includeInIndex = 1; lastKnownFileType = sourcecode.c.h; name = MSOneNoteResourceCollectionOperations.h; path = ./Fetchers/MSOneNoteResourceCollectionOperations.h; sourceTree = "<group>"; };
		B130437EAD6827D3335B7BE2 /* MSOneNoteOperationCollectionFetcher.m */ = {isa = PBXFileReference; includeInIndex = 1; lastKnownFileType = sourcecode.c.objc; name = MSOneNoteOperationCollectionFetcher.m; path = ./Fetchers/MSOneNoteOperationCollectionFetcher.m; sourceTree = "<group>"; };
		B1FB63CAB7D6373EB0FAE4EB /* MSOneNoteUserFetcher.h */ = {isa = PBXFileReference; includeInIndex = 1; lastKnownFileType = sourcecode.c.h; name = MSOneNoteUserFetcher.h; path = ./Fetchers/MSOneNoteUserFetcher.h; sourceTree = "<group>"; };
		B251768DB821FB0C008E45A3 /* MSOneNoteNotesCollectionOperations.m */ = {isa = PBXFileReference; includeInIndex = 1; lastKnownFileType = sourcecode.c.objc; name = MSOneNoteNotesCollectionOperations.m; path = ./Fetchers/MSOneNoteNotesCollectionOperations.m; sourceTree = "<group>"; };
		B29736025BB6644802B0D602 /* MSOneNotePatchActionType.h */ = {isa = PBXFileReference; includeInIndex = 1; lastKnownFileType = sourcecode.c.h; name = MSOneNotePatchActionType.h; path = ./Model/MSOneNotePatchActionType.h; sourceTree = "<group>"; };
		B55EC9F22410948184981655 /* MSOneNoteNotesCollectionFetcher.h */ = {isa = PBXFileReference; includeInIndex = 1; lastKnownFileType = sourcecode.c.h; name = MSOneNoteNotesCollectionFetcher.h; path = ./Fetchers/MSOneNoteNotesCollectionFetcher.h; sourceTree = "<group>"; };
		B56F9C68B252E4838710BCFD /* MSOneNoteSectionGroupCollectionFetcher.h */ = {isa = PBXFileReference; includeInIndex = 1; lastKnownFileType = sourcecode.c.h; name = MSOneNoteSectionGroupCollectionFetcher.h; path = ./Fetchers/MSOneNoteSectionGroupCollectionFetcher.h; sourceTree = "<group>"; };
		B61BB5FB9FBF9642D10535DC /* MSOneNotePageFetcher.h */ = {isa = PBXFileReference; includeInIndex = 1; lastKnownFileType = sourcecode.c.h; name = MSOneNotePageFetcher.h; path = ./Fetchers/MSOneNotePageFetcher.h; sourceTree = "<group>"; };
		B6C2C4D4EB6E3153754DFAB9 /* MSOneNoteSiteCollectionFetcher.m */ = {isa = PBXFileReference; includeInIndex = 1; lastKnownFileType = sourcecode.c.objc; name = MSOneNoteSiteCollectionFetcher.m; path = ./Fetchers/MSOneNoteSiteCollectionFetcher.m; sourceTree = "<group>"; };
		B7B05ACA0EFFBAF8E11742E2 /* MSOneNotePageCollectionFetcher.m */ = {isa = PBXFileReference; includeInIndex = 1; lastKnownFileType = sourcecode.c.objc; name = MSOneNotePageCollectionFetcher.m; path = ./Fetchers/MSOneNotePageCollectionFetcher.m; sourceTree = "<group>"; };
		B9A3EDA49A8A3393DFB1E903 /* MSOneNoteUserFetcher.m */ = {isa = PBXFileReference; includeInIndex = 1; lastKnownFileType = sourcecode.c.objc; name = MSOneNoteUserFetcher.m; path = ./Fetchers/MSOneNoteUserFetcher.m; sourceTree = "<group>"; };
		B9D8F1E8FDAFA822AFEBDCAE /* MSOneNoteSiteCollection_Operations.m */ = {isa = PBXFileReference; includeInIndex = 1; lastKnownFileType = sourcecode.c.objc; name = MSOneNoteSiteCollection_Operations.m; path = ./Fetchers/MSOneNoteSiteCollection_Operations.m; sourceTree = "<group>"; };
		BB9152661FDF9682DEF12D42 /* MSOneNoteNotesCollectionOperations.h */ = {isa = PBXFileReference; includeInIndex = 1; lastKnownFileType = sourcecode.c.h; name = MSOneNoteNotesCollectionOperations.h; path = ./Fetchers/MSOneNoteNotesCollectionOperations.h; sourceTree = "<group>"; };
		BE539DCB03713940635972B4 /* MSOneNoteSiteCollection_Fetcher.m */ = {isa = PBXFileReference; includeInIndex = 1; lastKnownFileType = sourcecode.c.objc; name = MSOneNoteSiteCollection_Fetcher.m; path = ./Fetchers/MSOneNoteSiteCollection_Fetcher.m; sourceTree = "<group>"; };
		C33E33D30B0CE37C2A742FA2 /* MSOneNoteUser.h */ = {isa = PBXFileReference; includeInIndex = 1; lastKnownFileType = sourcecode.c.h; name = MSOneNoteUser.h; path = ./Model/MSOneNoteUser.h; sourceTree = "<group>"; };
		C33EB2349FF96678CE328343 /* MSOneNoteSiteCollection.m */ = {isa = PBXFileReference; includeInIndex = 1; lastKnownFileType = sourcecode.c.objc; name = MSOneNoteSiteCollection.m; path = ./Model/MSOneNoteSiteCollection.m; sourceTree = "<group>"; };
		C3544C60392C597C7CD837E3 /* MSOneNoteSiteCollection_CollectionFetcher.m */ = {isa = PBXFileReference; includeInIndex = 1; lastKnownFileType = sourcecode.c.objc; name = MSOneNoteSiteCollection_CollectionFetcher.m; path = ./Fetchers/MSOneNoteSiteCollection_CollectionFetcher.m; sourceTree = "<group>"; };
		C47C39006B6E7E2D10EFC2D2 /* MSOneNoteGroupCollectionFetcher.m */ = {isa = PBXFileReference; includeInIndex = 1; lastKnownFileType = sourcecode.c.objc; name = MSOneNoteGroupCollectionFetcher.m; path = ./Fetchers/MSOneNoteGroupCollectionFetcher.m; sourceTree = "<group>"; };
		C6FD8A1A46AF355C3DB7D818 /* MSOneNoteResourceCollectionFetcher.m */ = {isa = PBXFileReference; includeInIndex = 1; lastKnownFileType = sourcecode.c.objc; name = MSOneNoteResourceCollectionFetcher.m; path = ./Fetchers/MSOneNoteResourceCollectionFetcher.m; sourceTree = "<group>"; };
		C982BAD989A18934FBC45E11 /* MSOneNoteSiteCollectionOperations.m */ = {isa = PBXFileReference; includeInIndex = 1; lastKnownFileType = sourcecode.c.objc; name = MSOneNoteSiteCollectionOperations.m; path = ./Fetchers/MSOneNoteSiteCollectionOperations.m; sourceTree = "<group>"; };
		C9E5B18C7625854C709A3AC3 /* MSOneNoteResource.h */ = {isa = PBXFileReference; includeInIndex = 1; lastKnownFileType = sourcecode.c.h; name = MSOneNoteResource.h; path = ./Model/MSOneNoteResource.h; sourceTree = "<group>"; };
		CA762D04991E4E7DAEEA1BE6 /* MSOneNoteNotebookCollectionFetcher.m */ = {isa = PBXFileReference; includeInIndex = 1; lastKnownFileType = sourcecode.c.objc; name = MSOneNoteNotebookCollectionFetcher.m; path = ./Fetchers/MSOneNoteNotebookCollectionFetcher.m; sourceTree = "<group>"; };
		CBCC41E33F04F2607E58AEC2 /* MSOneNoteSiteMetadata.h */ = {isa = PBXFileReference; includeInIndex = 1; lastKnownFileType = sourcecode.c.h; name = MSOneNoteSiteMetadata.h; path = ./Model/MSOneNoteSiteMetadata.h; sourceTree = "<group>"; };
		CC8135DDE2F0FBFC0077E414 /* MSOneNoteSectionCollectionFetcher.h */ = {isa = PBXFileReference; includeInIndex = 1; lastKnownFileType = sourcecode.c.h; name = MSOneNoteSectionCollectionFetcher.h; path = ./Fetchers/MSOneNoteSectionCollectionFetcher.h; sourceTree = "<group>"; };
		CD130467F6D0A3C4355F0A37 /* MSOneNoteNotesFetcher.h */ = {isa = PBXFileReference; includeInIndex = 1; lastKnownFileType = sourcecode.c.h; name = MSOneNoteNotesFetcher.h; path = ./Fetchers/MSOneNoteNotesFetcher.h; sourceTree = "<group>"; };
		CE8A44D68ABAE562CCE722C4 /* Foundation.framework */ = {isa = PBXFileReference; lastKnownFileType = wrapper.framework; name = Foundation.framework; path = Platforms/iPhoneOS.platform/Developer/SDKs/iPhoneOS9.0.sdk/System/Library/Frameworks/Foundation.framework; sourceTree = DEVELOPER_DIR; };
		D08E2AF15DB5D96C3D9F14B4 /* MSOneNoteMyOrganization.h */ = {isa = PBXFileReference; includeInIndex = 1; lastKnownFileType = sourcecode.c.h; name = MSOneNoteMyOrganization.h; path = ./Model/MSOneNoteMyOrganization.h; sourceTree = "<group>"; };
		D11558DFBB2C9E04BF7DF130 /* MSOneNoteUser.m */ = {isa = PBXFileReference; includeInIndex = 1; lastKnownFileType = sourcecode.c.objc; name = MSOneNoteUser.m; path = ./Model/MSOneNoteUser.m; sourceTree = "<group>"; };
		D247E705D91C05D9553DF03F /* MSOneNoteMyOrganizationFetcher.m */ = {isa = PBXFileReference; includeInIndex = 1; lastKnownFileType = sourcecode.c.objc; name = MSOneNoteMyOrganizationFetcher.m; path = ./Fetchers/MSOneNoteMyOrganizationFetcher.m; sourceTree = "<group>"; };
		D422A27C142DAF56FF81EA0A /* MSOneNoteResourceCollectionFetcher.h */ = {isa = PBXFileReference; includeInIndex = 1; lastKnownFileType = sourcecode.c.h; name = MSOneNoteResourceCollectionFetcher.h; path = ./Fetchers/MSOneNoteResourceCollectionFetcher.h; sourceTree = "<group>"; };
		D6B0E7F3A7D82D577B250802 /* MSOneNoteNotesFetcher.m */ = {isa = PBXFileReference; includeInIndex = 1; lastKnownFileType = sourcecode.c.objc; name = MSOneNoteNotesFetcher.m; path = ./Fetchers/MSOneNoteNotesFetcher.m; sourceTree = "<group>"; };
		D907C4E19A5668FF66F30982 /* MSOneNoteOperationCollectionOperations.m */ = {isa = PBXFileReference; includeInIndex = 1; lastKnownFileType = sourcecode.c.objc; name = MSOneNoteOperationCollectionOperations.m; path = ./Fetchers/MSOneNoteOperationCollectionOperations.m; sourceTree = "<group>"; };
		DC6D98A337AC9F35DA895DC5 /* MSOneNoteNotebookFetcher.m */ = {isa = PBXFileReference; includeInIndex = 1; lastKnownFileType = sourcecode.c.objc; name = MSOneNoteNotebookFetcher.m; path = ./Fetchers/MSOneNoteNotebookFetcher.m; sourceTree = "<group>"; };
		DC8BFAAD3144553A864068D4 /* MSOneNoteMyOrganizationOperations.h */ = {isa = PBXFileReference; includeInIndex = 1; lastKnownFileType = sourcecode.c.h; name = MSOneNoteMyOrganizationOperations.h; path = ./Fetchers/MSOneNoteMyOrganizationOperations.h; sourceTree = "<group>"; };
		E0490A53F2256F495BCC9450 /* MSOneNoteNotes.m */ = {isa = PBXFileReference; includeInIndex = 1; lastKnownFileType = sourcecode.c.objc; name = MSOneNoteNotes.m; path = ./Model/MSOneNoteNotes.m; sourceTree = "<group>"; };
		E0843B5B5E4ECFE22CE56B90 /* MSOneNoteSiteFetcher.h */ = {isa = PBXFileReference; includeInIndex = 1; lastKnownFileType = sourcecode.c.h; name = MSOneNoteSiteFetcher.h; path = ./Fetchers/MSOneNoteSiteFetcher.h; sourceTree = "<group>"; };
		E08F5430192F81D8A2195696 /* MSOneNoteClient.h */ = {isa = PBXFileReference; includeInIndex = 1; lastKnownFileType = sourcecode.c.h; name = MSOneNoteClient.h; path = ./Fetchers/MSOneNoteClient.h; sourceTree = "<group>"; };
		E36EADE0B04EF91D00978FF9 /* MSOneNoteNotebook.h */ = {isa = PBXFileReference; includeInIndex = 1; lastKnownFileType = sourcecode.c.h; name = MSOneNoteNotebook.h; path = ./Model/MSOneNoteNotebook.h; sourceTree = "<group>"; };
		E42E788CF478A5BE213E70CE /* MSOneNoteDiagnostic.m */ = {isa = PBXFileReference; includeInIndex = 1; lastKnownFileType = sourcecode.c.objc; name = MSOneNoteDiagnostic.m; path = ./Model/MSOneNoteDiagnostic.m; sourceTree = "<group>"; };
		E55B1D364C52540980F961A7 /* MSOneNoteSiteCollection.h */ = {isa = PBXFileReference; includeInIndex = 1; lastKnownFileType = sourcecode.c.h; name = MSOneNoteSiteCollection.h; path = ./Model/MSOneNoteSiteCollection.h; sourceTree = "<group>"; };
		E9E75868AD75FB171D163A04 /* MSOneNoteResource.m */ = {isa = PBXFileReference; includeInIndex = 1; lastKnownFileType = sourcecode.c.objc; name = MSOneNoteResource.m; path = ./Model/MSOneNoteResource.m; sourceTree = "<group>"; };
		EBC02BF68F496955C4AB09A3 /* MSOneNoteMyOrganizationCollectionFetcher.m */ = {isa = PBXFileReference; includeInIndex = 1; lastKnownFileType = sourcecode.c.objc; name = MSOneNoteMyOrganizationCollectionFetcher.m; path = ./Fetchers/MSOneNoteMyOrganizationCollectionFetcher.m; sourceTree = "<group>"; };
		EDAEEA557017BFF5148ED9B2 /* MSOneNoteNotes.h */ = {isa = PBXFileReference; includeInIndex = 1; lastKnownFileType = sourcecode.c.h; name = MSOneNoteNotes.h; path = ./Model/MSOneNoteNotes.h; sourceTree = "<group>"; };
		F000ED96BB6561C5B5FA76C5 /* MSOneNoteResourceOperations.m */ = {isa = PBXFileReference; includeInIndex = 1; lastKnownFileType = sourcecode.c.objc; name = MSOneNoteResourceOperations.m; path = ./Fetchers/MSOneNoteResourceOperations.m; sourceTree = "<group>"; };
		F1738BA226C2FE90AD98FC27 /* MSOneNoteGroupOperations.h */ = {isa = PBXFileReference; includeInIndex = 1; lastKnownFileType = sourcecode.c.h; name = MSOneNoteGroupOperations.h; path = ./Fetchers/MSOneNoteGroupOperations.h; sourceTree = "<group>"; };
		F47AF6C74960F81134110F35 /* MSOneNoteImportStatusModel.h */ = {isa = PBXFileReference; includeInIndex = 1; lastKnownFileType = sourcecode.c.h; name = MSOneNoteImportStatusModel.h; path = ./Model/MSOneNoteImportStatusModel.h; sourceTree = "<group>"; };
		F6F9F01F1037AAEF050043EB /* MSOneNoteSiteCollection_CollectionFetcher.h */ = {isa = PBXFileReference; includeInIndex = 1; lastKnownFileType = sourcecode.c.h; name = MSOneNoteSiteCollection_CollectionFetcher.h; path = ./Fetchers/MSOneNoteSiteCollection_CollectionFetcher.h; sourceTree = "<group>"; };
		F82435CE10AB9725DC02C0EB /* MSOneNoteSection.m */ = {isa = PBXFileReference; includeInIndex = 1; lastKnownFileType = sourcecode.c.objc; name = MSOneNoteSection.m; path = ./Model/MSOneNoteSection.m; sourceTree = "<group>"; };
		FBFB4946A34970CBD942391F /* MSOneNoteNotebookLinks.h */ = {isa = PBXFileReference; includeInIndex = 1; lastKnownFileType = sourcecode.c.h; name = MSOneNoteNotebookLinks.h; path = ./Model/MSOneNoteNotebookLinks.h; sourceTree = "<group>"; };
		FE158261140FDA53A7B4F154 /* MSOneNoteUserOperations.h */ = {isa = PBXFileReference; includeInIndex = 1; lastKnownFileType = sourcecode.c.h; name = MSOneNoteUserOperations.h; path = ./Fetchers/MSOneNoteUserOperations.h; sourceTree = "<group>"; };
		FFC59B6F260A1D98A6A80F27 /* MSOneNoteSection.h */ = {isa = PBXFileReference; includeInIndex = 1; lastKnownFileType = sourcecode.c.h; name = MSOneNoteSection.h; path = ./Model/MSOneNoteSection.h; sourceTree = "<group>"; };
/* End PBXFileReference section */

/* Begin PBXFrameworksBuildPhase section */
		09F826AEF2A7AABEAF0C70E6 /* Frameworks */ = {
			isa = PBXFrameworksBuildPhase;
			buildActionMask = 2147483647;
			files = (
				758FAE5C06A71FC1052263AA /* Foundation.framework in Frameworks */,
			);
			runOnlyForDeploymentPostprocessing = 0;
		};
/* End PBXFrameworksBuildPhase section */

/* Begin PBXGroup section */
		06180B3C0A0737C35DB0284D = {
			isa = PBXGroup;
			children = (
				28DD09D296418AE99E0505CA /* Products */,
				D731F6F36B66489D7F4FE278 /* Frameworks */,
				8863FCACC1A7D0FCC50457BF /* Fetchers */,
				B773675167580F216D9ECCC3 /* Model */,
				589EED4DF1EA558D4B4E9840 /* MSOneNote.h */,
			);
			sourceTree = "<group>";
		};
		28DD09D296418AE99E0505CA /* Products */ = {
			isa = PBXGroup;
			children = (
				3FF76CBCADE4F7BDF445D70D /* libOneNote.a */,
			);
			name = Products;
			sourceTree = "<group>";
		};
		47557FD2897FD8EA74B12346 /* iOS */ = {
			isa = PBXGroup;
			children = (
				CE8A44D68ABAE562CCE722C4 /* Foundation.framework */,
			);
			name = iOS;
			sourceTree = "<group>";
		};
		8863FCACC1A7D0FCC50457BF /* Fetchers */ = {
			isa = PBXGroup;
			children = (
				E08F5430192F81D8A2195696 /* MSOneNoteClient.h */,
				7DE9D2AF78840A8B5A3EF082 /* MSOneNoteClient.m */,
				1CEEF912796E2A5B95CE5248 /* MSOneNoteFetchers.h */,
				6030390ECB797CF235B5A1A2 /* MSOneNoteGroupCollectionFetcher.h */,
				C47C39006B6E7E2D10EFC2D2 /* MSOneNoteGroupCollectionFetcher.m */,
				276C8EBBC996974E244FE6A6 /* MSOneNoteGroupCollectionOperations.h */,
				338A85C077137D1FBA3052DD /* MSOneNoteGroupCollectionOperations.m */,
				61F08EDDB73FD033D8D09E81 /* MSOneNoteGroupFetcher.h */,
				3BB98AA3BE14F0EACEDFDB87 /* MSOneNoteGroupFetcher.m */,
				F1738BA226C2FE90AD98FC27 /* MSOneNoteGroupOperations.h */,
				9D1CBC7D3C627818AEF78194 /* MSOneNoteGroupOperations.m */,
				7B4AF579528E4F11A05E8DAD /* MSOneNoteMyOrganizationCollectionFetcher.h */,
				EBC02BF68F496955C4AB09A3 /* MSOneNoteMyOrganizationCollectionFetcher.m */,
				771264138822AE5E84D8926A /* MSOneNoteMyOrganizationCollectionOperations.h */,
				0328E8AAFCF68288CEEBA41F /* MSOneNoteMyOrganizationCollectionOperations.m */,
				9AC5FCA621DEA33F9880D9DC /* MSOneNoteMyOrganizationFetcher.h */,
				D247E705D91C05D9553DF03F /* MSOneNoteMyOrganizationFetcher.m */,
				DC8BFAAD3144553A864068D4 /* MSOneNoteMyOrganizationOperations.h */,
				55EADA3B54773746371F79E7 /* MSOneNoteMyOrganizationOperations.m */,
				6F18B008E3DEFCC0F81A26EB /* MSOneNoteNotebookCollectionFetcher.h */,
				CA762D04991E4E7DAEEA1BE6 /* MSOneNoteNotebookCollectionFetcher.m */,
				7FA2021DF41D053023988F58 /* MSOneNoteNotebookCollectionOperations.h */,
				7C7992387A1EC8A442F6C5B2 /* MSOneNoteNotebookCollectionOperations.m */,
				6E44569D1C82280475C8EC23 /* MSOneNoteNotebookFetcher.h */,
				DC6D98A337AC9F35DA895DC5 /* MSOneNoteNotebookFetcher.m */,
				2E156D6809C7F73AA3A8FC40 /* MSOneNoteNotebookOperations.h */,
				9FC33E0967B6EEAA03E8C5E7 /* MSOneNoteNotebookOperations.m */,
				B55EC9F22410948184981655 /* MSOneNoteNotesCollectionFetcher.h */,
				6134AF135D2DA59EFB3EB70B /* MSOneNoteNotesCollectionFetcher.m */,
				BB9152661FDF9682DEF12D42 /* MSOneNoteNotesCollectionOperations.h */,
				B251768DB821FB0C008E45A3 /* MSOneNoteNotesCollectionOperations.m */,
				CD130467F6D0A3C4355F0A37 /* MSOneNoteNotesFetcher.h */,
				D6B0E7F3A7D82D577B250802 /* MSOneNoteNotesFetcher.m */,
				3F7BB0974F2AC7C11D62887C /* MSOneNoteNotesOperations.h */,
				554EAA650A16222E51887428 /* MSOneNoteNotesOperations.m */,
				6F826999129E531C4E20B10E /* MSOneNoteOperationCollectionFetcher.h */,
				B130437EAD6827D3335B7BE2 /* MSOneNoteOperationCollectionFetcher.m */,
				3266756664FB87BBA66FFBDC /* MSOneNoteOperationCollectionOperations.h */,
				D907C4E19A5668FF66F30982 /* MSOneNoteOperationCollectionOperations.m */,
				1349765E28ED1944EBB7499A /* MSOneNoteOperationFetcher.h */,
				1E3962FC1F6D636794BBA25E /* MSOneNoteOperationFetcher.m */,
				0FB33BD260636B0C804B2762 /* MSOneNoteOperationOperations.h */,
				804221B65CCBA2D99D31BB1F /* MSOneNoteOperationOperations.m */,
				819287B0F904B6628A6D7132 /* MSOneNotePageCollectionFetcher.h */,
				B7B05ACA0EFFBAF8E11742E2 /* MSOneNotePageCollectionFetcher.m */,
				A4FF839DF2D00387D6729EAB /* MSOneNotePageCollectionOperations.h */,
				9C94760D771E13C39EE14D90 /* MSOneNotePageCollectionOperations.m */,
				B61BB5FB9FBF9642D10535DC /* MSOneNotePageFetcher.h */,
				458DDACFF38FBF2A52F5DC9F /* MSOneNotePageFetcher.m */,
				78E4E0D71357B6D8D421CD5A /* MSOneNotePageOperations.h */,
				74A119633C660844F23EE67A /* MSOneNotePageOperations.m */,
				D422A27C142DAF56FF81EA0A /* MSOneNoteResourceCollectionFetcher.h */,
				C6FD8A1A46AF355C3DB7D818 /* MSOneNoteResourceCollectionFetcher.m */,
				B090563F2BAEABE576753129 /* MSOneNoteResourceCollectionOperations.h */,
				9E1804CC39FCF282C3592B7E /* MSOneNoteResourceCollectionOperations.m */,
				8B789AFAC28353A79CB81DB6 /* MSOneNoteResourceFetcher.h */,
				808B366E29984F1551173DE7 /* MSOneNoteResourceFetcher.m */,
				97B93D5CF3F221FC430B9B35 /* MSOneNoteResourceOperations.h */,
				F000ED96BB6561C5B5FA76C5 /* MSOneNoteResourceOperations.m */,
				CC8135DDE2F0FBFC0077E414 /* MSOneNoteSectionCollectionFetcher.h */,
				4F393903F159182EB560A60D /* MSOneNoteSectionCollectionFetcher.m */,
				3A10819E19783C3826736A18 /* MSOneNoteSectionCollectionOperations.h */,
				4B7BF6C1AE695042B046DBF1 /* MSOneNoteSectionCollectionOperations.m */,
				96FFDCF26F72E441FB26CEEA /* MSOneNoteSectionFetcher.h */,
				151CACF04730E93F9F4E9691 /* MSOneNoteSectionFetcher.m */,
				B56F9C68B252E4838710BCFD /* MSOneNoteSectionGroupCollectionFetcher.h */,
				43F36A0C926BDFDBFD978E21 /* MSOneNoteSectionGroupCollectionFetcher.m */,
				886784053178D70192D80BA9 /* MSOneNoteSectionGroupCollectionOperations.h */,
				5C6946548437AFD9CB7C66D6 /* MSOneNoteSectionGroupCollectionOperations.m */,
				166A7E5B66A35F7C150CA442 /* MSOneNoteSectionGroupFetcher.h */,
				6947D714C0EDBBEAF3462135 /* MSOneNoteSectionGroupFetcher.m */,
				32FB8935CA834D88904782E6 /* MSOneNoteSectionGroupOperations.h */,
				08DB4844DB5E0F4BD90A0704 /* MSOneNoteSectionGroupOperations.m */,
				072EA0343C0E3679614FBEE6 /* MSOneNoteSectionOperations.h */,
				188D7A33B1F071C9AFAAE3AC /* MSOneNoteSectionOperations.m */,
				F6F9F01F1037AAEF050043EB /* MSOneNoteSiteCollection_CollectionFetcher.h */,
				C3544C60392C597C7CD837E3 /* MSOneNoteSiteCollection_CollectionFetcher.m */,
				AEC713F608C1B5593E8A6CA2 /* MSOneNoteSiteCollection_CollectionOperations.h */,
				70922D9C64ADAE75EE97358F /* MSOneNoteSiteCollection_CollectionOperations.m */,
				6E750298234E86499FD1D17E /* MSOneNoteSiteCollection_Fetcher.h */,
				BE539DCB03713940635972B4 /* MSOneNoteSiteCollection_Fetcher.m */,
				32C7820C485089F992A5D43C /* MSOneNoteSiteCollection_Operations.h */,
				B9D8F1E8FDAFA822AFEBDCAE /* MSOneNoteSiteCollection_Operations.m */,
				479FC6D6569D368034768FCA /* MSOneNoteSiteCollectionFetcher.h */,
				B6C2C4D4EB6E3153754DFAB9 /* MSOneNoteSiteCollectionFetcher.m */,
				302411CA8FFDB91024F69B83 /* MSOneNoteSiteCollectionOperations.h */,
				C982BAD989A18934FBC45E11 /* MSOneNoteSiteCollectionOperations.m */,
				E0843B5B5E4ECFE22CE56B90 /* MSOneNoteSiteFetcher.h */,
				6C20BE3B684439A0ED5D8DCF /* MSOneNoteSiteFetcher.m */,
				9BA0DF664B3F13E914C99B10 /* MSOneNoteSiteOperations.h */,
				3DFF616E4632B3D409FA8FE0 /* MSOneNoteSiteOperations.m */,
				0CB8AB00A068636ED724C87C /* MSOneNoteUserCollectionFetcher.h */,
				8E1D4994B9B49AF57D7707E0 /* MSOneNoteUserCollectionFetcher.m */,
				2E57676418E467764BFD200E /* MSOneNoteUserCollectionOperations.h */,
				8B701CB4F45188A9297B70DA /* MSOneNoteUserCollectionOperations.m */,
				B1FB63CAB7D6373EB0FAE4EB /* MSOneNoteUserFetcher.h */,
				B9A3EDA49A8A3393DFB1E903 /* MSOneNoteUserFetcher.m */,
				FE158261140FDA53A7B4F154 /* MSOneNoteUserOperations.h */,
				46BDA3B916B9D36B8C639124 /* MSOneNoteUserOperations.m */,
			);
			name = Fetchers;
			sourceTree = "<group>";
		};
		B773675167580F216D9ECCC3 /* Model */ = {
			isa = PBXGroup;
			children = (
				776A77B68C8B8FDD4650EC34 /* MSOneNoteCopyStatusModel.h */,
				0B824930A3C7373919674AD3 /* MSOneNoteCopyStatusModel.m */,
				3027C31FE07F15BBC47F8A7E /* MSOneNoteDiagnostic.h */,
				E42E788CF478A5BE213E70CE /* MSOneNoteDiagnostic.m */,
				3B58832E0D8741750882B224 /* MSOneNoteExternalLink.h */,
				4A7560460581467AC390A479 /* MSOneNoteExternalLink.m */,
				3470BEE585107CFF0751BDBB /* MSOneNoteGroup.h */,
				464D6E87F0BA8CA984841F3D /* MSOneNoteGroup.m */,
				05EACD4FD4A327816D80D274 /* MSOneNoteIdentity.h */,
				205E2319105D151E8FD9CB78 /* MSOneNoteIdentity.m */,
				934F0291D0E3F77877E18F1B /* MSOneNoteIdentitySet.h */,
				AC2E7C1D28B14A4B1DAEFE22 /* MSOneNoteIdentitySet.m */,
				F47AF6C74960F81134110F35 /* MSOneNoteImportStatusModel.h */,
				67A725A89B1A795E4C1A10CB /* MSOneNoteImportStatusModel.m */,
				9FE9A815473478AA615E61E1 /* MSOneNoteModels.h */,
				D08E2AF15DB5D96C3D9F14B4 /* MSOneNoteMyOrganization.h */,
				84BE436ACDD162F58113CD36 /* MSOneNoteMyOrganization.m */,
				E36EADE0B04EF91D00978FF9 /* MSOneNoteNotebook.h */,
				1E9FE63FC3323ED1578D72A5 /* MSOneNoteNotebook.m */,
				FBFB4946A34970CBD942391F /* MSOneNoteNotebookLinks.h */,
				43F67D7037DEBDD818F2396A /* MSOneNoteNotebookLinks.m */,
				EDAEEA557017BFF5148ED9B2 /* MSOneNoteNotes.h */,
				E0490A53F2256F495BCC9450 /* MSOneNoteNotes.m */,
				6163A2FA3099EE12C5C3A6D9 /* MSOneNoteOperation.h */,
				AEB7A25605F581759C22BD2A /* MSOneNoteOperation.m */,
				5D6711C8E1622D636BA38CFC /* MSOneNoteOperationError.h */,
				19B2E0CD0C72465CBF8AE0D5 /* MSOneNoteOperationError.m */,
				3E3D8F7CDE776A6605B9A48B /* MSOneNotePage.h */,
				11F34B83E58916361574C8F1 /* MSOneNotePage.m */,
				A373B3F16754FAB6F1CE93BA /* MSOneNotePageLinks.h */,
				84AADBC5F6E197DBD5B91793 /* MSOneNotePageLinks.m */,
				B29736025BB6644802B0D602 /* MSOneNotePatchActionType.h */,
				7D15284DCD8E76EA6A1113BB /* MSOneNotePatchActionType.m */,
				91B11F727E3BB58DA22B9430 /* MSOneNotePatchContentCommand.h */,
				2609D0036E23B0699CEB35DF /* MSOneNotePatchContentCommand.m */,
				36C91E249CADE099C81A2C42 /* MSOneNotePatchInsertPosition.h */,
				4F0BA27648EE04B7F12FFF08 /* MSOneNotePatchInsertPosition.m */,
				C9E5B18C7625854C709A3AC3 /* MSOneNoteResource.h */,
				E9E75868AD75FB171D163A04 /* MSOneNoteResource.m */,
				FFC59B6F260A1D98A6A80F27 /* MSOneNoteSection.h */,
				F82435CE10AB9725DC02C0EB /* MSOneNoteSection.m */,
				42B7396E0E7C6461E0EB568B /* MSOneNoteSectionGroup.h */,
				7C3987948A0DF2DD095A52CE /* MSOneNoteSectionGroup.m */,
				78A13691AE8232B9FAD9C161 /* MSOneNoteSite.h */,
				00BA6A07E58F79E409076485 /* MSOneNoteSite.m */,
				E55B1D364C52540980F961A7 /* MSOneNoteSiteCollection.h */,
				C33EB2349FF96678CE328343 /* MSOneNoteSiteCollection.m */,
				CBCC41E33F04F2607E58AEC2 /* MSOneNoteSiteMetadata.h */,
				53BCD86AED941AD8CA868D23 /* MSOneNoteSiteMetadata.m */,
				C33E33D30B0CE37C2A742FA2 /* MSOneNoteUser.h */,
				D11558DFBB2C9E04BF7DF130 /* MSOneNoteUser.m */,
				9404EB8BFCBEE98FDACF5CEE /* MSOneNoteUserRole.h */,
				31854724226D8EB205069604 /* MSOneNoteUserRole.m */,
			);
			name = Model;
			sourceTree = "<group>";
		};
		D731F6F36B66489D7F4FE278 /* Frameworks */ = {
			isa = PBXGroup;
			children = (
				47557FD2897FD8EA74B12346 /* iOS */,
			);
			name = Frameworks;
			sourceTree = "<group>";
		};
/* End PBXGroup section */

/* Begin PBXHeadersBuildPhase section */
		18BAE0F0B96F7DD21DDD1D46 /* Headers */ = {
			isa = PBXHeadersBuildPhase;
			buildActionMask = 2147483647;
			files = (
				3D887659B4D35A46E0525F5D /* MSOneNoteClient.h in Headers */,
				1AA2D8146AF74378FCB5F6D0 /* MSOneNoteFetchers.h in Headers */,
				7E7855DB4EFB61BAF442AA13 /* MSOneNoteGroupCollectionFetcher.h in Headers */,
				0EC144F4A4AD057C811FFB52 /* MSOneNoteGroupCollectionOperations.h in Headers */,
				0D95E1E4AF42B7F7DA640D34 /* MSOneNoteGroupFetcher.h in Headers */,
				33DAB6B0A43F60A146485DAB /* MSOneNoteGroupOperations.h in Headers */,
				5EE24B407CF73632F5FA97F7 /* MSOneNoteMyOrganizationCollectionFetcher.h in Headers */,
				2EE6C95F197695BAC2A99974 /* MSOneNoteMyOrganizationCollectionOperations.h in Headers */,
				B138872475B6D73F7323CBBA /* MSOneNoteMyOrganizationFetcher.h in Headers */,
				EDECDC289AE7DFEB3D4E947A /* MSOneNoteMyOrganizationOperations.h in Headers */,
				3C9D2422BA2ECC0184413C98 /* MSOneNoteNotebookCollectionFetcher.h in Headers */,
				3C8213FF54DC39D438983E70 /* MSOneNoteNotebookCollectionOperations.h in Headers */,
				D8D78A7A68F8978115B57DD0 /* MSOneNoteNotebookFetcher.h in Headers */,
				1BC3E7164CB75417F4D749B9 /* MSOneNoteNotebookOperations.h in Headers */,
				843216DBC850598AE27667BA /* MSOneNoteNotesCollectionFetcher.h in Headers */,
				B958338462CDF85FE3FB5B3E /* MSOneNoteNotesCollectionOperations.h in Headers */,
				0C4A5702C5E45DFA846B1D6F /* MSOneNoteNotesFetcher.h in Headers */,
				5C05F731A5D1430CD663F766 /* MSOneNoteNotesOperations.h in Headers */,
				C16DCBEC52BB44236D20D40C /* MSOneNoteOperationCollectionFetcher.h in Headers */,
				B14CD73583656E2E5E780E1D /* MSOneNoteOperationCollectionOperations.h in Headers */,
				0FE1BBF0B1A94D24D0C1F248 /* MSOneNoteOperationFetcher.h in Headers */,
				3069468D3A29C627F8678E3B /* MSOneNoteOperationOperations.h in Headers */,
				B214A92A35C1E64203F21F84 /* MSOneNotePageCollectionFetcher.h in Headers */,
				FFBDB5BA22AA717464C22AE4 /* MSOneNotePageCollectionOperations.h in Headers */,
				D0A76817EF3282F0ED95E508 /* MSOneNotePageFetcher.h in Headers */,
				7D7E77AD9F872FBF3F7E5D85 /* MSOneNotePageOperations.h in Headers */,
				70421898E9B17CEC86B4E555 /* MSOneNoteResourceCollectionFetcher.h in Headers */,
				F8EC196FB0DEA988A49D1254 /* MSOneNoteResourceCollectionOperations.h in Headers */,
				F218B3EDD48ADC1E1AC6753B /* MSOneNoteResourceFetcher.h in Headers */,
				6DEBDBF1834E0748128A8EF5 /* MSOneNoteResourceOperations.h in Headers */,
				0415A0B00BF678125E010B25 /* MSOneNoteSectionCollectionFetcher.h in Headers */,
				DDD32E676DB2BF3B0598DEBB /* MSOneNoteSectionCollectionOperations.h in Headers */,
				13392407A2B1C397111B2DE6 /* MSOneNoteSectionFetcher.h in Headers */,
				CB9C044BD31B29D3A29C92CE /* MSOneNoteSectionGroupCollectionFetcher.h in Headers */,
				09B41194BB9B3B53BFFDB777 /* MSOneNoteSectionGroupCollectionOperations.h in Headers */,
				BFCEABA4D47FFD9097BC7FEE /* MSOneNoteSectionGroupFetcher.h in Headers */,
				DA46D927606977912DDB28F7 /* MSOneNoteSectionGroupOperations.h in Headers */,
				F425DDB9283BFD85CD7D83B4 /* MSOneNoteSectionOperations.h in Headers */,
				3C40005828D321B993ABCF02 /* MSOneNoteSiteCollection_CollectionFetcher.h in Headers */,
				B6152817463ED6815090C494 /* MSOneNoteSiteCollection_CollectionOperations.h in Headers */,
				55BC16BD5CC826F65A521312 /* MSOneNoteSiteCollection_Fetcher.h in Headers */,
				28A88F86193668035F27684D /* MSOneNoteSiteCollection_Operations.h in Headers */,
				D494DA99887245DC1C20F657 /* MSOneNoteSiteCollectionFetcher.h in Headers */,
				D58E92624FA33D7B18637930 /* MSOneNoteSiteCollectionOperations.h in Headers */,
				6F21555E94C38CC210495546 /* MSOneNoteSiteFetcher.h in Headers */,
				E78A6389C7435E3DAA0D838F /* MSOneNoteSiteOperations.h in Headers */,
				E597F624A4A30B37E7E7B4BC /* MSOneNoteUserCollectionFetcher.h in Headers */,
				85F5C1E28CFA19118F3CDC5B /* MSOneNoteUserCollectionOperations.h in Headers */,
				72ABF41A6F9358B98254D286 /* MSOneNoteUserFetcher.h in Headers */,
				94023236D2BCAFBAA6304DDC /* MSOneNoteUserOperations.h in Headers */,
				907720862CE23765A24644DE /* MSOneNoteCopyStatusModel.h in Headers */,
				940E4C4749F9FA7A2544928D /* MSOneNoteDiagnostic.h in Headers */,
				CA9AEFD245A8587A83AFB921 /* MSOneNoteExternalLink.h in Headers */,
				E507D220FABE19566B588A94 /* MSOneNoteGroup.h in Headers */,
				C776C72BF723FE5C141B0B58 /* MSOneNoteIdentity.h in Headers */,
				4FF9094F47A845DCF8F7C360 /* MSOneNoteIdentitySet.h in Headers */,
				F6106ABD3401F64A1AF4AD89 /* MSOneNoteImportStatusModel.h in Headers */,
				84D35866C84408A0B622BB80 /* MSOneNoteModels.h in Headers */,
				E7C516EAAE64BB79324C69D3 /* MSOneNoteMyOrganization.h in Headers */,
				B0333EA5D3120B79BC89C842 /* MSOneNoteNotebook.h in Headers */,
				B0D72EB8DFC76602865ABF1E /* MSOneNoteNotebookLinks.h in Headers */,
				67F47B9CA2482B638AEF4C50 /* MSOneNoteNotes.h in Headers */,
				063391F22278118F150174BA /* MSOneNoteOperation.h in Headers */,
				76523D30D4385F139200D2ED /* MSOneNoteOperationError.h in Headers */,
				55D7299C33C522C9362337A5 /* MSOneNotePage.h in Headers */,
				F24CD45C7F548DC589D091DD /* MSOneNotePageLinks.h in Headers */,
				A78ED47F1D3DA8613997AB11 /* MSOneNotePatchActionType.h in Headers */,
				E4B6E6FDBB545FFD712F55EE /* MSOneNotePatchContentCommand.h in Headers */,
				69CCFE683590791F3BDF7979 /* MSOneNotePatchInsertPosition.h in Headers */,
				FC8E9F2476B7BE5496C4E0FA /* MSOneNoteResource.h in Headers */,
				0FF086FBA2D8B3A01E6362CF /* MSOneNoteSection.h in Headers */,
				05A14221E946B0A6C89753E5 /* MSOneNoteSectionGroup.h in Headers */,
				9643992016B42D99BED774E9 /* MSOneNoteSite.h in Headers */,
				E7FDF3ABAA12BB1FFFA09A2A /* MSOneNoteSiteCollection.h in Headers */,
				93D164AD88EEE44EB23F37A3 /* MSOneNoteSiteMetadata.h in Headers */,
				C5ADC3F400144FEE4ABC1ED3 /* MSOneNoteUser.h in Headers */,
				7E7EEB61EA008465619CD83C /* MSOneNoteUserRole.h in Headers */,
				36F35AA33E811CF075332967 /* MSOneNote.h in Headers */,
			);
			runOnlyForDeploymentPostprocessing = 0;
		};
/* End PBXHeadersBuildPhase section */

/* Begin PBXNativeTarget section */
		9D43019205920A1CE7958F5E /* OneNote */ = {
			isa = PBXNativeTarget;
			buildConfigurationList = F38A59D4399224E5B0DE8C81 /* Build configuration list for PBXNativeTarget "OneNote" */;
			buildPhases = (
				77C7B0C64EC64BA9A8E345B7 /* Sources */,
				09F826AEF2A7AABEAF0C70E6 /* Frameworks */,
				18BAE0F0B96F7DD21DDD1D46 /* Headers */,
			);
			buildRules = (
			);
			dependencies = (
			);
			name = OneNote;
			productName = OneNote;
			productReference = 3FF76CBCADE4F7BDF445D70D /* libOneNote.a */;
			productType = "com.apple.product-type.library.static";
		};
/* End PBXNativeTarget section */

/* Begin PBXProject section */
		3F314C33305E80F05A947F40 /* Project object */ = {
			isa = PBXProject;
			attributes = {
				LastSwiftUpdateCheck = 0700;
				LastUpgradeCheck = 0700;
			};
			buildConfigurationList = 4F43E31E8D1623403516D9A7 /* Build configuration list for PBXProject "OneNote" */;
			compatibilityVersion = "Xcode 3.2";
			developmentRegion = English;
			hasScannedForEncodings = 0;
			knownRegions = (
				en,
			);
			mainGroup = 06180B3C0A0737C35DB0284D;
			productRefGroup = 28DD09D296418AE99E0505CA /* Products */;
			projectDirPath = "";
			projectRoot = "";
			targets = (
				9D43019205920A1CE7958F5E /* OneNote */,
			);
		};
/* End PBXProject section */

/* Begin PBXSourcesBuildPhase section */
		77C7B0C64EC64BA9A8E345B7 /* Sources */ = {
			isa = PBXSourcesBuildPhase;
			buildActionMask = 2147483647;
			files = (
				B94F52BCA632DFC8CBBEC456 /* MSOneNoteClient.m in Sources */,
				5723CF6AF836827E1F3F6F83 /* MSOneNoteGroupCollectionFetcher.m in Sources */,
				BB8AA91932C83E7B41C2E528 /* MSOneNoteGroupCollectionOperations.m in Sources */,
				F9B9EBEEEB8E156C9C2185D6 /* MSOneNoteGroupFetcher.m in Sources */,
				BDC2595B078024ECAD4515C8 /* MSOneNoteGroupOperations.m in Sources */,
				A7AD54741D18156100ED6B6B /* MSOneNoteMyOrganizationCollectionFetcher.m in Sources */,
				F4F6E23D5FBDBF5AC5C7B4DB /* MSOneNoteMyOrganizationCollectionOperations.m in Sources */,
				EA0AF8A2DA2997754C5521D0 /* MSOneNoteMyOrganizationFetcher.m in Sources */,
				C79AF2B0EF7E652A7B1DCF08 /* MSOneNoteMyOrganizationOperations.m in Sources */,
				0296090F73E6C798F83B72D2 /* MSOneNoteNotebookCollectionFetcher.m in Sources */,
				FF9877EDBD9BAC1C602038D6 /* MSOneNoteNotebookCollectionOperations.m in Sources */,
				5CE8226BF43ECB84DD00FF82 /* MSOneNoteNotebookFetcher.m in Sources */,
				DACE67B6C13A5F1C14576CB8 /* MSOneNoteNotebookOperations.m in Sources */,
				B6D4AEAAE10204FBAB0D7E21 /* MSOneNoteNotesCollectionFetcher.m in Sources */,
				B7F6F00C16ABB2D92027E9EF /* MSOneNoteNotesCollectionOperations.m in Sources */,
				07DA4DCBE15D6A8990555DDC /* MSOneNoteNotesFetcher.m in Sources */,
				9E35A3584E2DFE081E6537EB /* MSOneNoteNotesOperations.m in Sources */,
				B1413B23D712C9C7B74C1DDF /* MSOneNoteOperationCollectionFetcher.m in Sources */,
				55FDBD01D7F1383B450E4F61 /* MSOneNoteOperationCollectionOperations.m in Sources */,
				142298D07A33205181CA5588 /* MSOneNoteOperationFetcher.m in Sources */,
				542A3F33DEC8148C7350824F /* MSOneNoteOperationOperations.m in Sources */,
				209B282FD54E2033186B8477 /* MSOneNotePageCollectionFetcher.m in Sources */,
				62976724EB4D6F426128FF9D /* MSOneNotePageCollectionOperations.m in Sources */,
				39628ACCCE46AAF9E92D4048 /* MSOneNotePageFetcher.m in Sources */,
				25A96B2B487D876B47468CAA /* MSOneNotePageOperations.m in Sources */,
				99ADBF7F3AFB023E9118ACB3 /* MSOneNoteResourceCollectionFetcher.m in Sources */,
				1AD1B7D618FAB34FE8A30036 /* MSOneNoteResourceCollectionOperations.m in Sources */,
				5F62CA4AC35AFACE65039ACB /* MSOneNoteResourceFetcher.m in Sources */,
				CEB226E1FCC47C0D1CB54D43 /* MSOneNoteResourceOperations.m in Sources */,
				6597B694C40792CEE8593EB6 /* MSOneNoteSectionCollectionFetcher.m in Sources */,
				BE03C7EBAAECAB3952FB321D /* MSOneNoteSectionCollectionOperations.m in Sources */,
				FC32038AC7C95B61B00F9303 /* MSOneNoteSectionFetcher.m in Sources */,
				C22A276E8C61933AD1921AA7 /* MSOneNoteSectionGroupCollectionFetcher.m in Sources */,
				87E0E03BD553C04BDC3A1B09 /* MSOneNoteSectionGroupCollectionOperations.m in Sources */,
				DB6069ED2B67E5DC3B49169A /* MSOneNoteSectionGroupFetcher.m in Sources */,
				44B11AF2249F3DBA749E285E /* MSOneNoteSectionGroupOperations.m in Sources */,
				3A1207FD8C0F8DCA2291C0B0 /* MSOneNoteSectionOperations.m in Sources */,
				908A23093EDA9EE3C9F71783 /* MSOneNoteSiteCollection_CollectionFetcher.m in Sources */,
				5CDD872772A227D99FFAB94A /* MSOneNoteSiteCollection_CollectionOperations.m in Sources */,
				6682F860219CEFC375112C5C /* MSOneNoteSiteCollection_Fetcher.m in Sources */,
				0B33C98725149667420AA22E /* MSOneNoteSiteCollection_Operations.m in Sources */,
				9C59465572ACF6468C7C8A9C /* MSOneNoteSiteCollectionFetcher.m in Sources */,
				EAFEBAC5F552E3A9A9350408 /* MSOneNoteSiteCollectionOperations.m in Sources */,
				80B890AB52CE71B6AD90F073 /* MSOneNoteSiteFetcher.m in Sources */,
				519AAF5934FEDD2A031308C2 /* MSOneNoteSiteOperations.m in Sources */,
				C3A764F1078142D3CA3D13E5 /* MSOneNoteUserCollectionFetcher.m in Sources */,
				DB07242C46A139BA5F3F8D34 /* MSOneNoteUserCollectionOperations.m in Sources */,
				B802AB31BC061CAD07EA2DB1 /* MSOneNoteUserFetcher.m in Sources */,
				5889B5116C5AAA25BA0AAC50 /* MSOneNoteUserOperations.m in Sources */,
				61A5255B7A4A3653D003DD7E /* MSOneNoteCopyStatusModel.m in Sources */,
				93DDF6D98039EC227F29995E /* MSOneNoteDiagnostic.m in Sources */,
				A8FD1E791F40F8BF0896AEE2 /* MSOneNoteExternalLink.m in Sources */,
				AC029C49E84579C534EEE3AD /* MSOneNoteGroup.m in Sources */,
				3840652EF99297E65A75BE6D /* MSOneNoteIdentity.m in Sources */,
				AEB3B677FEBF2BD94836EEC4 /* MSOneNoteIdentitySet.m in Sources */,
				0F1F5DE1CBC601B3AC0705F2 /* MSOneNoteImportStatusModel.m in Sources */,
				7A1D46287F2451DEC39DA131 /* MSOneNoteMyOrganization.m in Sources */,
				19B8CD326C501C4EBD0B9B15 /* MSOneNoteNotebook.m in Sources */,
				E11D172BF4E25FF68FA0EDC1 /* MSOneNoteNotebookLinks.m in Sources */,
				756D3D94B7032B6B2FBA9B8F /* MSOneNoteNotes.m in Sources */,
				A27B2AF924A5CA1E047F1AAB /* MSOneNoteOperation.m in Sources */,
				E3B8DE570E44309B07716762 /* MSOneNoteOperationError.m in Sources */,
				AEB59A88C72D166F9D524E01 /* MSOneNotePage.m in Sources */,
				2666B3169280E12B2E0819B8 /* MSOneNotePageLinks.m in Sources */,
				F690E8B9E887F04425E1EE22 /* MSOneNotePatchActionType.m in Sources */,
				7F52858EA97217B71922E086 /* MSOneNotePatchContentCommand.m in Sources */,
				034719D9BCDF19C46A44D463 /* MSOneNotePatchInsertPosition.m in Sources */,
				C7E40B83B00FB86C8A8E395E /* MSOneNoteResource.m in Sources */,
				423867AD5ABC6744A2453418 /* MSOneNoteSection.m in Sources */,
				FD6618501F39C9992D59E917 /* MSOneNoteSectionGroup.m in Sources */,
				A452419D8563571180FB03A5 /* MSOneNoteSite.m in Sources */,
				BC02EBB74BF776BD1B08223D /* MSOneNoteSiteCollection.m in Sources */,
				D8B6F99BF00E42F4788D3BC4 /* MSOneNoteSiteMetadata.m in Sources */,
				71302FCD1EC5EF1BE3C6B25E /* MSOneNoteUser.m in Sources */,
				EFEA88274EF4358AD38D17AA /* MSOneNoteUserRole.m in Sources */,
			);
			runOnlyForDeploymentPostprocessing = 0;
		};
/* End PBXSourcesBuildPhase section */

/* Begin XCBuildConfiguration section */
		1915B2D1ABC10C77CDC3352E /* Debug */ = {
			isa = XCBuildConfiguration;
			buildSettings = {
				ENABLE_STRICT_OBJC_MSGSEND = YES;
				IPHONEOS_DEPLOYMENT_TARGET = 7.0;
				MTL_ENABLE_DEBUG_INFO = YES;
				OTHER_LDFLAGS = "-ObjC";
				PRODUCT_NAME = "$(TARGET_NAME)";
				SDKROOT = iphoneos;
				SKIP_INSTALL = YES;
			};
			name = Debug;
		};
		5DDAD077AC1E6D2F3E0EEFD3 /* Release */ = {
			isa = XCBuildConfiguration;
			buildSettings = {
				ENABLE_STRICT_OBJC_MSGSEND = YES;
				IPHONEOS_DEPLOYMENT_TARGET = 7.0;
				MTL_ENABLE_DEBUG_INFO = NO;
				OTHER_LDFLAGS = "-ObjC";
				PRODUCT_NAME = "$(TARGET_NAME)";
				SDKROOT = iphoneos;
				SKIP_INSTALL = YES;
			};
			name = Release;
		};
		A26BC0F5DCF3C3766C741817 /* Debug */ = {
			isa = XCBuildConfiguration;
			buildSettings = {
				ALWAYS_SEARCH_USER_PATHS = NO;
				CLANG_CXX_LANGUAGE_STANDARD = "gnu++0x";
				CLANG_CXX_LIBRARY = "libc++";
				CLANG_ENABLE_MODULES = YES;
				CLANG_ENABLE_OBJC_ARC = YES;
				CLANG_WARN_BOOL_CONVERSION = YES;
				CLANG_WARN_CONSTANT_CONVERSION = YES;
				CLANG_WARN_DIRECT_OBJC_ISA_USAGE = YES;
				CLANG_WARN_EMPTY_BODY = YES;
				CLANG_WARN_ENUM_CONVERSION = YES;
				CLANG_WARN_INT_CONVERSION = YES;
				CLANG_WARN_OBJC_ROOT_CLASS = YES;
				CLANG_WARN_UNREACHABLE_CODE = YES;
				CLANG_WARN__DUPLICATE_METHOD_MATCH = YES;
				COPY_PHASE_STRIP = NO;
				GCC_C_LANGUAGE_STANDARD = gnu99;
				GCC_DYNAMIC_NO_PIC = NO;
				GCC_OPTIMIZATION_LEVEL = 0;
				GCC_PREPROCESSOR_DEFINITIONS = (
					"DEBUG=1",
					"$(inherited)",
				);
				GCC_SYMBOLS_PRIVATE_EXTERN = NO;
				GCC_WARN_64_TO_32_BIT_CONVERSION = YES;
				GCC_WARN_ABOUT_RETURN_TYPE = YES;
				GCC_WARN_UNDECLARED_SELECTOR = YES;
				GCC_WARN_UNINITIALIZED_AUTOS = YES;
				GCC_WARN_UNUSED_FUNCTION = YES;
				GCC_WARN_UNUSED_VARIABLE = YES;
				ONLY_ACTIVE_ARCH = YES;
			};
			name = Debug;
		};
		B8B08588E153CC2D8A8674F7 /* Release */ = {
			isa = XCBuildConfiguration;
			buildSettings = {
				ALWAYS_SEARCH_USER_PATHS = NO;
				CLANG_CXX_LANGUAGE_STANDARD = "gnu++0x";
				CLANG_CXX_LIBRARY = "libc++";
				CLANG_ENABLE_MODULES = YES;
				CLANG_ENABLE_OBJC_ARC = YES;
				CLANG_WARN_BOOL_CONVERSION = YES;
				CLANG_WARN_CONSTANT_CONVERSION = YES;
				CLANG_WARN_DIRECT_OBJC_ISA_USAGE = YES;
				CLANG_WARN_EMPTY_BODY = YES;
				CLANG_WARN_ENUM_CONVERSION = YES;
				CLANG_WARN_INT_CONVERSION = YES;
				CLANG_WARN_OBJC_ROOT_CLASS = YES;
				CLANG_WARN_UNREACHABLE_CODE = YES;
				CLANG_WARN__DUPLICATE_METHOD_MATCH = YES;
				COPY_PHASE_STRIP = YES;
				ENABLE_NS_ASSERTIONS = NO;
				GCC_C_LANGUAGE_STANDARD = gnu99;
				GCC_WARN_64_TO_32_BIT_CONVERSION = YES;
				GCC_WARN_ABOUT_RETURN_TYPE = YES;
				GCC_WARN_UNDECLARED_SELECTOR = YES;
				GCC_WARN_UNINITIALIZED_AUTOS = YES;
				GCC_WARN_UNUSED_FUNCTION = YES;
				GCC_WARN_UNUSED_VARIABLE = YES;
				VALIDATE_PRODUCT = YES;
			};
			name = Release;
		};
/* End XCBuildConfiguration section */

/* Begin XCConfigurationList section */
		4F43E31E8D1623403516D9A7 /* Build configuration list for PBXProject "OneNote" */ = {
			isa = XCConfigurationList;
			buildConfigurations = (
				A26BC0F5DCF3C3766C741817 /* Debug */,
				B8B08588E153CC2D8A8674F7 /* Release */,
			);
			defaultConfigurationIsVisible = 0;
			defaultConfigurationName = Release;
		};
		F38A59D4399224E5B0DE8C81 /* Build configuration list for PBXNativeTarget "OneNote" */ = {
			isa = XCConfigurationList;
			buildConfigurations = (
				5DDAD077AC1E6D2F3E0EEFD3 /* Release */,
				1915B2D1ABC10C77CDC3352E /* Debug */,
			);
			defaultConfigurationIsVisible = 0;
			defaultConfigurationName = Release;
		};
/* End XCConfigurationList section */
	};
	rootObject = 3F314C33305E80F05A947F40 /* Project object */;
}
