// !$*UTF8*$!
{
	archiveVersion = 1;
	classes = {
	};
	objectVersion = 46;
	objects = {

/* Begin PBXBuildFile section */
		3C620E9B199BDBE700231D4D /* ListItem.m in Sources */ = {isa = PBXBuildFile; fileRef = 3C620E9A199BDBE700231D4D /* ListItem.m */; };
		3CB5B486199CED2100772E7A /* ListItem.h in CopyFiles */ = {isa = PBXBuildFile; fileRef = 3C620E99199BDBE700231D4D /* ListItem.h */; };
		3CB5B489199D097000772E7A /* ListField.m in Sources */ = {isa = PBXBuildFile; fileRef = 3CB5B488199D097000772E7A /* ListField.m */; };
		3CB5B48A199D29C400772E7A /* ListField.h in CopyFiles */ = {isa = PBXBuildFile; fileRef = 3CB5B487199D097000772E7A /* ListField.h */; };
		ECAF85261986C3DF000B6DD2 /* liboffice365-base-sdk.a in Frameworks */ = {isa = PBXBuildFile; fileRef = ECAF85251986C3DF000B6DD2 /* liboffice365-base-sdk.a */; };
		ECE5718C197EEAAE00FDAE94 /* Foundation.framework in Frameworks */ = {isa = PBXBuildFile; fileRef = ECE5718B197EEAAE00FDAE94 /* Foundation.framework */; };
		ECE57191197EEAAE00FDAE94 /* office365_lists_sdk.h in CopyFiles */ = {isa = PBXBuildFile; fileRef = ECE57190197EEAAE00FDAE94 /* office365_lists_sdk.h */; };
		ECE57193197EEAAE00FDAE94 /* office365_lists_sdk.m in Sources */ = {isa = PBXBuildFile; fileRef = ECE57192197EEAAE00FDAE94 /* office365_lists_sdk.m */; };
		ECE5719B197EEAAE00FDAE94 /* Foundation.framework in Frameworks */ = {isa = PBXBuildFile; fileRef = ECE5718B197EEAAE00FDAE94 /* Foundation.framework */; };
		ECE571A0197EEAAE00FDAE94 /* liboffice365-lists-sdk.a in Frameworks */ = {isa = PBXBuildFile; fileRef = ECE57188197EEAAE00FDAE94 /* liboffice365-lists-sdk.a */; };
		ECE571B5197EED5800FDAE94 /* ListClient.m in Sources */ = {isa = PBXBuildFile; fileRef = ECE571B4197EED5800FDAE94 /* ListClient.m */; };
		ECE571B8197EED6600FDAE94 /* ListEntity.m in Sources */ = {isa = PBXBuildFile; fileRef = ECE571B7197EED6600FDAE94 /* ListEntity.m */; };
		ECE571BD197EF38300FDAE94 /* ListClient.h in CopyFiles */ = {isa = PBXBuildFile; fileRef = ECE571B3197EED5800FDAE94 /* ListClient.h */; };
		ECE571BE197EF38300FDAE94 /* ListEntity.h in CopyFiles */ = {isa = PBXBuildFile; fileRef = ECE571B6197EED6600FDAE94 /* ListEntity.h */; };
/* End PBXBuildFile section */

/* Begin PBXContainerItemProxy section */
		ECE5719E197EEAAE00FDAE94 /* PBXContainerItemProxy */ = {
			isa = PBXContainerItemProxy;
			containerPortal = ECE57180197EEAAE00FDAE94 /* Project object */;
			proxyType = 1;
			remoteGlobalIDString = ECE57187197EEAAE00FDAE94;
			remoteInfo = "office365-lists-sdk";
		};
/* End PBXContainerItemProxy section */

/* Begin PBXCopyFilesBuildPhase section */
		ECE57186197EEAAE00FDAE94 /* CopyFiles */ = {
			isa = PBXCopyFilesBuildPhase;
			buildActionMask = 2147483647;
			dstPath = "include/$(PRODUCT_NAME)";
			dstSubfolderSpec = 16;
			files = (
				3CB5B48A199D29C400772E7A /* ListField.h in CopyFiles */,
				3CB5B486199CED2100772E7A /* ListItem.h in CopyFiles */,
				ECE571BD197EF38300FDAE94 /* ListClient.h in CopyFiles */,
				ECE571BE197EF38300FDAE94 /* ListEntity.h in CopyFiles */,
				ECE57191197EEAAE00FDAE94 /* office365_lists_sdk.h in CopyFiles */,
			);
			runOnlyForDeploymentPostprocessing = 0;
		};
/* End PBXCopyFilesBuildPhase section */

/* Begin PBXFileReference section */
		3C620E99199BDBE700231D4D /* ListItem.h */ = {isa = PBXFileReference; fileEncoding = 4; lastKnownFileType = sourcecode.c.h; path = ListItem.h; sourceTree = "<group>"; };
		3C620E9A199BDBE700231D4D /* ListItem.m */ = {isa = PBXFileReference; fileEncoding = 4; lastKnownFileType = sourcecode.c.objc; path = ListItem.m; sourceTree = "<group>"; };
		3CB5B487199D097000772E7A /* ListField.h */ = {isa = PBXFileReference; fileEncoding = 4; lastKnownFileType = sourcecode.c.h; path = ListField.h; sourceTree = "<group>"; };
		3CB5B488199D097000772E7A /* ListField.m */ = {isa = PBXFileReference; fileEncoding = 4; lastKnownFileType = sourcecode.c.objc; path = ListField.m; sourceTree = "<group>"; };
		ECAF85251986C3DF000B6DD2 /* liboffice365-base-sdk.a */ = {isa = PBXFileReference; lastKnownFileType = archive.ar; name = "liboffice365-base-sdk.a"; path = "../office365-base-sdk/build/Debug-iphoneos/liboffice365-base-sdk.a"; sourceTree = "<group>"; };
		ECE57188197EEAAE00FDAE94 /* liboffice365-lists-sdk.a */ = {isa = PBXFileReference; explicitFileType = archive.ar; includeInIndex = 0; path = "liboffice365-lists-sdk.a"; sourceTree = BUILT_PRODUCTS_DIR; };
		ECE5718B197EEAAE00FDAE94 /* Foundation.framework */ = {isa = PBXFileReference; lastKnownFileType = wrapper.framework; name = Foundation.framework; path = System/Library/Frameworks/Foundation.framework; sourceTree = SDKROOT; };
		ECE5718F197EEAAE00FDAE94 /* office365-lists-sdk-Prefix.pch */ = {isa = PBXFileReference; lastKnownFileType = sourcecode.c.h; path = "office365-lists-sdk-Prefix.pch"; sourceTree = "<group>"; };
		ECE57190197EEAAE00FDAE94 /* office365_lists_sdk.h */ = {isa = PBXFileReference; lastKnownFileType = sourcecode.c.h; path = office365_lists_sdk.h; sourceTree = "<group>"; };
		ECE57192197EEAAE00FDAE94 /* office365_lists_sdk.m */ = {isa = PBXFileReference; lastKnownFileType = sourcecode.c.objc; path = office365_lists_sdk.m; sourceTree = "<group>"; };
		ECE57198197EEAAE00FDAE94 /* office365-lists-sdkTests.xctest */ = {isa = PBXFileReference; explicitFileType = wrapper.cfbundle; includeInIndex = 0; path = "office365-lists-sdkTests.xctest"; sourceTree = BUILT_PRODUCTS_DIR; };
		ECE571B3197EED5800FDAE94 /* ListClient.h */ = {isa = PBXFileReference; fileEncoding = 4; lastKnownFileType = sourcecode.c.h; path = ListClient.h; sourceTree = "<group>"; };
		ECE571B4197EED5800FDAE94 /* ListClient.m */ = {isa = PBXFileReference; fileEncoding = 4; lastKnownFileType = sourcecode.c.objc; path = ListClient.m; sourceTree = "<group>"; };
		ECE571B6197EED6600FDAE94 /* ListEntity.h */ = {isa = PBXFileReference; fileEncoding = 4; lastKnownFileType = sourcecode.c.h; path = ListEntity.h; sourceTree = "<group>"; };
		ECE571B7197EED6600FDAE94 /* ListEntity.m */ = {isa = PBXFileReference; fileEncoding = 4; lastKnownFileType = sourcecode.c.objc; path = ListEntity.m; sourceTree = "<group>"; };
/* End PBXFileReference section */

/* Begin PBXFrameworksBuildPhase section */
		ECE57185197EEAAE00FDAE94 /* Frameworks */ = {
			isa = PBXFrameworksBuildPhase;
			buildActionMask = 2147483647;
			files = (
				ECAF85261986C3DF000B6DD2 /* liboffice365-base-sdk.a in Frameworks */,
				ECE5718C197EEAAE00FDAE94 /* Foundation.framework in Frameworks */,
			);
			runOnlyForDeploymentPostprocessing = 0;
		};
		ECE57195197EEAAE00FDAE94 /* Frameworks */ = {
			isa = PBXFrameworksBuildPhase;
			buildActionMask = 2147483647;
			files = (
				ECE5719B197EEAAE00FDAE94 /* Foundation.framework in Frameworks */,
				ECE571A0197EEAAE00FDAE94 /* liboffice365-lists-sdk.a in Frameworks */,
			);
			runOnlyForDeploymentPostprocessing = 0;
		};
/* End PBXFrameworksBuildPhase section */

/* Begin PBXGroup section */
		3C620E98199BDBB700231D4D /* entities */ = {
			isa = PBXGroup;
			children = (
				ECE571B6197EED6600FDAE94 /* ListEntity.h */,
				ECE571B7197EED6600FDAE94 /* ListEntity.m */,
				3C620E99199BDBE700231D4D /* ListItem.h */,
				3C620E9A199BDBE700231D4D /* ListItem.m */,
				3CB5B487199D097000772E7A /* ListField.h */,
				3CB5B488199D097000772E7A /* ListField.m */,
			);
			name = entities;
			sourceTree = "<group>";
		};
		ECE5717F197EEAAE00FDAE94 = {
			isa = PBXGroup;
			children = (
				ECE5718D197EEAAE00FDAE94 /* office365-lists-sdk */,
				ECE5718A197EEAAE00FDAE94 /* Frameworks */,
				ECE57189197EEAAE00FDAE94 /* Products */,
			);
			sourceTree = "<group>";
		};
		ECE57189197EEAAE00FDAE94 /* Products */ = {
			isa = PBXGroup;
			children = (
				ECE57188197EEAAE00FDAE94 /* liboffice365-lists-sdk.a */,
				ECE57198197EEAAE00FDAE94 /* office365-lists-sdkTests.xctest */,
			);
			name = Products;
			sourceTree = "<group>";
		};
		ECE5718A197EEAAE00FDAE94 /* Frameworks */ = {
			isa = PBXGroup;
			children = (
				ECAF85251986C3DF000B6DD2 /* liboffice365-base-sdk.a */,
				ECE5718B197EEAAE00FDAE94 /* Foundation.framework */,
			);
			name = Frameworks;
			sourceTree = "<group>";
		};
		ECE5718D197EEAAE00FDAE94 /* office365-lists-sdk */ = {
			isa = PBXGroup;
			children = (
				ECE57190197EEAAE00FDAE94 /* office365_lists_sdk.h */,
				ECE57192197EEAAE00FDAE94 /* office365_lists_sdk.m */,
				ECE5718E197EEAAE00FDAE94 /* Supporting Files */,
				ECE571B3197EED5800FDAE94 /* ListClient.h */,
				ECE571B4197EED5800FDAE94 /* ListClient.m */,
				3C620E98199BDBB700231D4D /* entities */,
			);
			path = "office365-lists-sdk";
			sourceTree = "<group>";
		};
		ECE5718E197EEAAE00FDAE94 /* Supporting Files */ = {
			isa = PBXGroup;
			children = (
				ECE5718F197EEAAE00FDAE94 /* office365-lists-sdk-Prefix.pch */,
			);
			name = "Supporting Files";
			sourceTree = "<group>";
		};
/* End PBXGroup section */

/* Begin PBXNativeTarget section */
		ECE57187197EEAAE00FDAE94 /* office365-lists-sdk */ = {
			isa = PBXNativeTarget;
			buildConfigurationList = ECE571AB197EEAAF00FDAE94 /* Build configuration list for PBXNativeTarget "office365-lists-sdk" */;
			buildPhases = (
				ECE57184197EEAAE00FDAE94 /* Sources */,
				ECE57185197EEAAE00FDAE94 /* Frameworks */,
				ECE57186197EEAAE00FDAE94 /* CopyFiles */,
			);
			buildRules = (
			);
			dependencies = (
			);
			name = "office365-lists-sdk";
			productName = "office365-lists-sdk";
			productReference = ECE57188197EEAAE00FDAE94 /* liboffice365-lists-sdk.a */;
			productType = "com.apple.product-type.library.static";
		};
		ECE57197197EEAAE00FDAE94 /* office365-lists-sdkTests */ = {
			isa = PBXNativeTarget;
			buildConfigurationList = ECE571AE197EEAAF00FDAE94 /* Build configuration list for PBXNativeTarget "office365-lists-sdkTests" */;
			buildPhases = (
				ECE57194197EEAAE00FDAE94 /* Sources */,
				ECE57195197EEAAE00FDAE94 /* Frameworks */,
				ECE57196197EEAAE00FDAE94 /* Resources */,
			);
			buildRules = (
			);
			dependencies = (
				ECE5719F197EEAAE00FDAE94 /* PBXTargetDependency */,
			);
			name = "office365-lists-sdkTests";
			productName = "office365-lists-sdkTests";
			productReference = ECE57198197EEAAE00FDAE94 /* office365-lists-sdkTests.xctest */;
			productType = "com.apple.product-type.bundle.unit-test";
		};
/* End PBXNativeTarget section */

/* Begin PBXProject section */
		ECE57180197EEAAE00FDAE94 /* Project object */ = {
			isa = PBXProject;
			attributes = {
				LastUpgradeCheck = 0510;
				ORGANIZATIONNAME = Lagash;
			};
			buildConfigurationList = ECE57183197EEAAE00FDAE94 /* Build configuration list for PBXProject "office365-lists-sdk" */;
			compatibilityVersion = "Xcode 3.2";
			developmentRegion = English;
			hasScannedForEncodings = 0;
			knownRegions = (
				en,
			);
			mainGroup = ECE5717F197EEAAE00FDAE94;
			productRefGroup = ECE57189197EEAAE00FDAE94 /* Products */;
			projectDirPath = "";
			projectRoot = "";
			targets = (
				ECE57187197EEAAE00FDAE94 /* office365-lists-sdk */,
				ECE57197197EEAAE00FDAE94 /* office365-lists-sdkTests */,
			);
		};
/* End PBXProject section */

/* Begin PBXResourcesBuildPhase section */
		ECE57196197EEAAE00FDAE94 /* Resources */ = {
			isa = PBXResourcesBuildPhase;
			buildActionMask = 2147483647;
			files = (
			);
			runOnlyForDeploymentPostprocessing = 0;
		};
/* End PBXResourcesBuildPhase section */

/* Begin PBXSourcesBuildPhase section */
		ECE57184197EEAAE00FDAE94 /* Sources */ = {
			isa = PBXSourcesBuildPhase;
			buildActionMask = 2147483647;
			files = (
				3CB5B489199D097000772E7A /* ListField.m in Sources */,
				3C620E9B199BDBE700231D4D /* ListItem.m in Sources */,
				ECE571B8197EED6600FDAE94 /* ListEntity.m in Sources */,
				ECE571B5197EED5800FDAE94 /* ListClient.m in Sources */,
				ECE57193197EEAAE00FDAE94 /* office365_lists_sdk.m in Sources */,
			);
			runOnlyForDeploymentPostprocessing = 0;
		};
		ECE57194197EEAAE00FDAE94 /* Sources */ = {
			isa = PBXSourcesBuildPhase;
			buildActionMask = 2147483647;
			files = (
			);
			runOnlyForDeploymentPostprocessing = 0;
		};
/* End PBXSourcesBuildPhase section */

/* Begin PBXTargetDependency section */
		ECE5719F197EEAAE00FDAE94 /* PBXTargetDependency */ = {
			isa = PBXTargetDependency;
			target = ECE57187197EEAAE00FDAE94 /* office365-lists-sdk */;
			targetProxy = ECE5719E197EEAAE00FDAE94 /* PBXContainerItemProxy */;
		};
/* End PBXTargetDependency section */

/* Begin XCBuildConfiguration section */
		ECE571A9197EEAAF00FDAE94 /* Debug */ = {
			isa = XCBuildConfiguration;
			buildSettings = {
				ALWAYS_SEARCH_USER_PATHS = NO;
				CLANG_CXX_LANGUAGE_STANDARD = "gnu++0x";
				CLANG_CXX_LIBRARY = "libc++";
				CLANG_ENABLE_MODULES = YES;
				CLANG_ENABLE_OBJC_ARC = YES;
				CLANG_WARN_BOOL_CONVERSION = YES;
				CLANG_WARN_CONSTANT_CONVERSION = YES;
				CLANG_WARN_DIRECT_OBJC_ISA_USAGE = YES_ERROR;
				CLANG_WARN_EMPTY_BODY = YES;
				CLANG_WARN_ENUM_CONVERSION = YES;
				CLANG_WARN_INT_CONVERSION = YES;
				CLANG_WARN_OBJC_ROOT_CLASS = YES_ERROR;
				CLANG_WARN__DUPLICATE_METHOD_MATCH = YES;
				COPY_PHASE_STRIP = NO;
				GCC_C_LANGUAGE_STANDARD = gnu99;
				GCC_DYNAMIC_NO_PIC = NO;
				GCC_OPTIMIZATION_LEVEL = 0;
				GCC_PREPROCESSOR_DEFINITIONS = (
					"DEBUG=1",
					"$(inherited)",
				);
				GCC_SYMBOLS_PRIVATE_EXTERN = NO;
				GCC_WARN_64_TO_32_BIT_CONVERSION = YES;
				GCC_WARN_ABOUT_RETURN_TYPE = YES_ERROR;
				GCC_WARN_UNDECLARED_SELECTOR = YES;
				GCC_WARN_UNINITIALIZED_AUTOS = YES_AGGRESSIVE;
				GCC_WARN_UNUSED_FUNCTION = YES;
				GCC_WARN_UNUSED_VARIABLE = YES;
				IPHONEOS_DEPLOYMENT_TARGET = 7.1;
				ONLY_ACTIVE_ARCH = YES;
				SDKROOT = iphoneos;
			};
			name = Debug;
		};
		ECE571AA197EEAAF00FDAE94 /* Release */ = {
			isa = XCBuildConfiguration;
			buildSettings = {
				ALWAYS_SEARCH_USER_PATHS = NO;
				CLANG_CXX_LANGUAGE_STANDARD = "gnu++0x";
				CLANG_CXX_LIBRARY = "libc++";
				CLANG_ENABLE_MODULES = YES;
				CLANG_ENABLE_OBJC_ARC = YES;
				CLANG_WARN_BOOL_CONVERSION = YES;
				CLANG_WARN_CONSTANT_CONVERSION = YES;
				CLANG_WARN_DIRECT_OBJC_ISA_USAGE = YES_ERROR;
				CLANG_WARN_EMPTY_BODY = YES;
				CLANG_WARN_ENUM_CONVERSION = YES;
				CLANG_WARN_INT_CONVERSION = YES;
				CLANG_WARN_OBJC_ROOT_CLASS = YES_ERROR;
				CLANG_WARN__DUPLICATE_METHOD_MATCH = YES;
				COPY_PHASE_STRIP = YES;
				ENABLE_NS_ASSERTIONS = NO;
				GCC_C_LANGUAGE_STANDARD = gnu99;
				GCC_WARN_64_TO_32_BIT_CONVERSION = YES;
				GCC_WARN_ABOUT_RETURN_TYPE = YES_ERROR;
				GCC_WARN_UNDECLARED_SELECTOR = YES;
				GCC_WARN_UNINITIALIZED_AUTOS = YES_AGGRESSIVE;
				GCC_WARN_UNUSED_FUNCTION = YES;
				GCC_WARN_UNUSED_VARIABLE = YES;
				IPHONEOS_DEPLOYMENT_TARGET = 7.1;
				SDKROOT = iphoneos;
				VALIDATE_PRODUCT = YES;
			};
			name = Release;
		};
		ECE571AC197EEAAF00FDAE94 /* Debug */ = {
			isa = XCBuildConfiguration;
			buildSettings = {
				DSTROOT = /tmp/office365_lists_sdk.dst;
				FRAMEWORK_SEARCH_PATHS = "$(inherited)";
				GCC_PRECOMPILE_PREFIX_HEADER = YES;
				GCC_PREFIX_HEADER = "office365-lists-sdk/office365-lists-sdk-Prefix.pch";
				LIBRARY_SEARCH_PATHS = "$(inherited)";
				MACH_O_TYPE = mh_dylib;
				OTHER_LDFLAGS = "";
				PRODUCT_NAME = "$(TARGET_NAME)";
				SDKROOT = iphoneos;
				SKIP_INSTALL = YES;
			};
			name = Debug;
		};
		ECE571AD197EEAAF00FDAE94 /* Release */ = {
			isa = XCBuildConfiguration;
			buildSettings = {
				DSTROOT = /tmp/office365_lists_sdk.dst;
				FRAMEWORK_SEARCH_PATHS = "$(inherited)";
				GCC_PRECOMPILE_PREFIX_HEADER = YES;
				GCC_PREFIX_HEADER = "office365-lists-sdk/office365-lists-sdk-Prefix.pch";
				LIBRARY_SEARCH_PATHS = "$(inherited)";
				MACH_O_TYPE = mh_dylib;
				OTHER_LDFLAGS = "";
				PRODUCT_NAME = "$(TARGET_NAME)";
				SDKROOT = iphoneos;
				SKIP_INSTALL = YES;
			};
			name = Release;
		};
		ECE571AF197EEAAF00FDAE94 /* Debug */ = {
			isa = XCBuildConfiguration;
			buildSettings = {
				FRAMEWORK_SEARCH_PATHS = (
					"$(SDKROOT)/Developer/Library/Frameworks",
					"$(inherited)",
					"$(DEVELOPER_FRAMEWORKS_DIR)",
				);
				GCC_PRECOMPILE_PREFIX_HEADER = YES;
				GCC_PREFIX_HEADER = "office365-lists-sdk/office365-lists-sdk-Prefix.pch";
				GCC_PREPROCESSOR_DEFINITIONS = (
					"DEBUG=1",
					"$(inherited)",
				);
				INFOPLIST_FILE = "office365-lists-sdkTests/office365-lists-sdkTests-Info.plist";
				PRODUCT_NAME = "$(TARGET_NAME)";
				WRAPPER_EXTENSION = xctest;
			};
			name = Debug;
		};
		ECE571B0197EEAAF00FDAE94 /* Release */ = {
			isa = XCBuildConfiguration;
			buildSettings = {
				FRAMEWORK_SEARCH_PATHS = (
					"$(SDKROOT)/Developer/Library/Frameworks",
					"$(inherited)",
					"$(DEVELOPER_FRAMEWORKS_DIR)",
				);
				GCC_PRECOMPILE_PREFIX_HEADER = YES;
				GCC_PREFIX_HEADER = "office365-lists-sdk/office365-lists-sdk-Prefix.pch";
				INFOPLIST_FILE = "office365-lists-sdkTests/office365-lists-sdkTests-Info.plist";
				PRODUCT_NAME = "$(TARGET_NAME)";
				WRAPPER_EXTENSION = xctest;
			};
			name = Release;
		};
/* End XCBuildConfiguration section */

/* Begin XCConfigurationList section */
		ECE57183197EEAAE00FDAE94 /* Build configuration list for PBXProject "office365-lists-sdk" */ = {
			isa = XCConfigurationList;
			buildConfigurations = (
				ECE571A9197EEAAF00FDAE94 /* Debug */,
				ECE571AA197EEAAF00FDAE94 /* Release */,
			);
			defaultConfigurationIsVisible = 0;
			defaultConfigurationName = Release;
		};
		ECE571AB197EEAAF00FDAE94 /* Build configuration list for PBXNativeTarget "office365-lists-sdk" */ = {
			isa = XCConfigurationList;
			buildConfigurations = (
				ECE571AC197EEAAF00FDAE94 /* Debug */,
				ECE571AD197EEAAF00FDAE94 /* Release */,
			);
			defaultConfigurationIsVisible = 0;
			defaultConfigurationName = Release;
		};
		ECE571AE197EEAAF00FDAE94 /* Build configuration list for PBXNativeTarget "office365-lists-sdkTests" */ = {
			isa = XCConfigurationList;
			buildConfigurations = (
				ECE571AF197EEAAF00FDAE94 /* Debug */,
				ECE571B0197EEAAF00FDAE94 /* Release */,
			);
			defaultConfigurationIsVisible = 0;
			defaultConfigurationName = Release;
		};
/* End XCConfigurationList section */
	};
	rootObject = ECE57180197EEAAE00FDAE94 /* Project object */;
}
