PODS:
  - ADALiOS (1.2.4)
  - LiveSDK (5.6.1)
  - Office365/files (0.11.0):
    - orc
  - orc (0.11.0):
    - orc/api (= 0.11.0)
    - orc/core (= 0.11.0)
    - orc/impl (= 0.11.0)
  - orc/api (0.11.0)
  - orc/core (0.11.0):
    - orc/api
  - orc/impl (0.11.0):
    - ADALiOS (= 1.2.4)
    - LiveSDK (= 5.6.1)
    - orc/core

DEPENDENCIES:
  - Office365/files (from `https://github.com/OfficeDev/Office-365-SDK-for-iOS`, branch `master`)
  - orc (= 0.11.0)

EXTERNAL SOURCES:
  Office365:
    :branch: master
    :git: https://github.com/OfficeDev/Office-365-SDK-for-iOS

CHECKOUT OPTIONS:
  Office365:
    :commit: a349e1ac6bf2ac5b7b5360afd4bdf2bbd9f8d640
    :git: https://github.com/OfficeDev/Office-365-SDK-for-iOS

SPEC CHECKSUMS:
  ADALiOS: 8179aed8e136bf79dca5a4138a0c1a0d52701cb2
  LiveSDK: 2627cf5872b33b3d960df27082a9a17afb74835d
  Office365: 362c66ac8ffc71a24062096c35891e91b353e86c
  orc: ef50c7039f18f9dd3802f875959e04526df675b6

COCOAPODS: 0.35.0
